// !$*UTF8*$!
{
	archiveVersion = 1;
	classes = {
	};
	objectVersion = 46;
	objects = {

/* Begin PBXBuildFile section */
		819DBDA31C86F169000063FF /* main.m in Sources */ = {isa = PBXBuildFile; fileRef = 819DBDA21C86F169000063FF /* main.m */; };
		819DBDA61C86F169000063FF /* AppDelegate.m in Sources */ = {isa = PBXBuildFile; fileRef = 819DBDA51C86F169000063FF /* AppDelegate.m */; };
		819DBDA91C86F169000063FF /* ViewController.m in Sources */ = {isa = PBXBuildFile; fileRef = 819DBDA81C86F169000063FF /* ViewController.m */; };
		819DBDAC1C86F169000063FF /* Main.storyboard in Resources */ = {isa = PBXBuildFile; fileRef = 819DBDAA1C86F169000063FF /* Main.storyboard */; };
		819DBDAE1C86F169000063FF /* Assets.xcassets in Resources */ = {isa = PBXBuildFile; fileRef = 819DBDAD1C86F169000063FF /* Assets.xcassets */; };
		819DBDB11C86F169000063FF /* LaunchScreen.storyboard in Resources */ = {isa = PBXBuildFile; fileRef = 819DBDAF1C86F169000063FF /* LaunchScreen.storyboard */; };
		819DBDBB1C86F1AB000063FF /* H1ViewController.m in Sources */ = {isa = PBXBuildFile; fileRef = 819DBDBA1C86F1AB000063FF /* H1ViewController.m */; };
/* End PBXBuildFile section */

/* Begin PBXFileReference section */
		819DBD9E1C86F169000063FF /* SPFoundationExample.app */ = {isa = PBXFileReference; explicitFileType = wrapper.application; includeInIndex = 0; path = SPFoundationExample.app; sourceTree = BUILT_PRODUCTS_DIR; };
		819DBDA21C86F169000063FF /* main.m */ = {isa = PBXFileReference; lastKnownFileType = sourcecode.c.objc; path = main.m; sourceTree = "<group>"; };
		819DBDA41C86F169000063FF /* AppDelegate.h */ = {isa = PBXFileReference; lastKnownFileType = sourcecode.c.h; path = AppDelegate.h; sourceTree = "<group>"; };
		819DBDA51C86F169000063FF /* AppDelegate.m */ = {isa = PBXFileReference; lastKnownFileType = sourcecode.c.objc; path = AppDelegate.m; sourceTree = "<group>"; };
		819DBDA71C86F169000063FF /* ViewController.h */ = {isa = PBXFileReference; lastKnownFileType = sourcecode.c.h; path = ViewController.h; sourceTree = "<group>"; };
		819DBDA81C86F169000063FF /* ViewController.m */ = {isa = PBXFileReference; lastKnownFileType = sourcecode.c.objc; path = ViewController.m; sourceTree = "<group>"; };
		819DBDAB1C86F169000063FF /* Base */ = {isa = PBXFileReference; lastKnownFileType = file.storyboard; name = Base; path = Base.lproj/Main.storyboard; sourceTree = "<group>"; };
		819DBDAD1C86F169000063FF /* Assets.xcassets */ = {isa = PBXFileReference; lastKnownFileType = folder.assetcatalog; path = Assets.xcassets; sourceTree = "<group>"; };
		819DBDB01C86F169000063FF /* Base */ = {isa = PBXFileReference; lastKnownFileType = file.storyboard; name = Base; path = Base.lproj/LaunchScreen.storyboard; sourceTree = "<group>"; };
		819DBDB21C86F169000063FF /* Info.plist */ = {isa = PBXFileReference; lastKnownFileType = text.plist.xml; path = Info.plist; sourceTree = "<group>"; };
		819DBDB91C86F1AB000063FF /* H1ViewController.h */ = {isa = PBXFileReference; fileEncoding = 4; lastKnownFileType = sourcecode.c.h; path = H1ViewController.h; sourceTree = "<group>"; };
		819DBDBA1C86F1AB000063FF /* H1ViewController.m */ = {isa = PBXFileReference; fileEncoding = 4; lastKnownFileType = sourcecode.c.objc; path = H1ViewController.m; sourceTree = "<group>"; };
/* End PBXFileReference section */

/* Begin PBXFrameworksBuildPhase section */
		819DBD9B1C86F169000063FF /* Frameworks */ = {
			isa = PBXFrameworksBuildPhase;
			buildActionMask = 2147483647;
			files = (
			);
			runOnlyForDeploymentPostprocessing = 0;
		};
/* End PBXFrameworksBuildPhase section */

/* Begin PBXGroup section */
		819DBD951C86F169000063FF = {
			isa = PBXGroup;
			children = (
				819DBDA01C86F169000063FF /* SPFoundationExample */,
				819DBD9F1C86F169000063FF /* Products */,
			);
			sourceTree = "<group>";
		};
		819DBD9F1C86F169000063FF /* Products */ = {
			isa = PBXGroup;
			children = (
				819DBD9E1C86F169000063FF /* SPFoundationExample.app */,
			);
			name = Products;
			sourceTree = "<group>";
		};
		819DBDA01C86F169000063FF /* SPFoundationExample */ = {
			isa = PBXGroup;
			children = (
				819DBDB81C86F192000063FF /* SPFoundation */,
				819DBDA41C86F169000063FF /* AppDelegate.h */,
				819DBDA51C86F169000063FF /* AppDelegate.m */,
				819DBDA71C86F169000063FF /* ViewController.h */,
				819DBDA81C86F169000063FF /* ViewController.m */,
				819DBDAA1C86F169000063FF /* Main.storyboard */,
				819DBDAD1C86F169000063FF /* Assets.xcassets */,
				819DBDAF1C86F169000063FF /* LaunchScreen.storyboard */,
				819DBDB21C86F169000063FF /* Info.plist */,
				819DBDA11C86F169000063FF /* Supporting Files */,
			);
			path = SPFoundationExample;
			sourceTree = "<group>";
		};
		819DBDA11C86F169000063FF /* Supporting Files */ = {
			isa = PBXGroup;
			children = (
				819DBDA21C86F169000063FF /* main.m */,
			);
			name = "Supporting Files";
			sourceTree = "<group>";
		};
		819DBDB81C86F192000063FF /* SPFoundation */ = {
			isa = PBXGroup;
			children = (
				819DBDB91C86F1AB000063FF /* H1ViewController.h */,
				819DBDBA1C86F1AB000063FF /* H1ViewController.m */,
			);
			path = SPFoundation;
			sourceTree = "<group>";
		};
/* End PBXGroup section */

/* Begin PBXNativeTarget section */
		819DBD9D1C86F169000063FF /* SPFoundationExample */ = {
			isa = PBXNativeTarget;
			buildConfigurationList = 819DBDB51C86F169000063FF /* Build configuration list for PBXNativeTarget "SPFoundationExample" */;
			buildPhases = (
				819DBD9A1C86F169000063FF /* Sources */,
				819DBD9B1C86F169000063FF /* Frameworks */,
				819DBD9C1C86F169000063FF /* Resources */,
			);
			buildRules = (
			);
			dependencies = (
			);
			name = SPFoundationExample;
			productName = SPFoundationExample;
			productReference = 819DBD9E1C86F169000063FF /* SPFoundationExample.app */;
			productType = "com.apple.product-type.application";
		};
/* End PBXNativeTarget section */

/* Begin PBXProject section */
		819DBD961C86F169000063FF /* Project object */ = {
			isa = PBXProject;
			attributes = {
				LastUpgradeCheck = 0720;
				ORGANIZATIONNAME = "易云世纪科技";
				TargetAttributes = {
					819DBD9D1C86F169000063FF = {
						CreatedOnToolsVersion = 7.2.1;
					};
				};
			};
			buildConfigurationList = 819DBD991C86F169000063FF /* Build configuration list for PBXProject "SPFoundationExample" */;
			compatibilityVersion = "Xcode 3.2";
			developmentRegion = English;
			hasScannedForEncodings = 0;
			knownRegions = (
				en,
				Base,
			);
			mainGroup = 819DBD951C86F169000063FF;
			productRefGroup = 819DBD9F1C86F169000063FF /* Products */;
			projectDirPath = "";
			projectRoot = "";
			targets = (
				819DBD9D1C86F169000063FF /* SPFoundationExample */,
			);
		};
/* End PBXProject section */

/* Begin PBXResourcesBuildPhase section */
		819DBD9C1C86F169000063FF /* Resources */ = {
			isa = PBXResourcesBuildPhase;
			buildActionMask = 2147483647;
			files = (
				819DBDB11C86F169000063FF /* LaunchScreen.storyboard in Resources */,
				819DBDAE1C86F169000063FF /* Assets.xcassets in Resources */,
				819DBDAC1C86F169000063FF /* Main.storyboard in Resources */,
			);
			runOnlyForDeploymentPostprocessing = 0;
		};
/* End PBXResourcesBuildPhase section */

/* Begin PBXSourcesBuildPhase section */
		819DBD9A1C86F169000063FF /* Sources */ = {
			isa = PBXSourcesBuildPhase;
			buildActionMask = 2147483647;
			files = (
				819DBDA91C86F169000063FF /* ViewController.m in Sources */,
				819DBDBB1C86F1AB000063FF /* H1ViewController.m in Sources */,
				819DBDA61C86F169000063FF /* AppDelegate.m in Sources */,
				819DBDA31C86F169000063FF /* main.m in Sources */,
			);
			runOnlyForDeploymentPostprocessing = 0;
		};
/* End PBXSourcesBuildPhase section */

/* Begin PBXVariantGroup section */
		819DBDAA1C86F169000063FF /* Main.storyboard */ = {
			isa = PBXVariantGroup;
			children = (
				819DBDAB1C86F169000063FF /* Base */,
			);
			name = Main.storyboard;
			sourceTree = "<group>";
		};
		819DBDAF1C86F169000063FF /* LaunchScreen.storyboard */ = {
			isa = PBXVariantGroup;
			children = (
				819DBDB01C86F169000063FF /* Base */,
			);
			name = LaunchScreen.storyboard;
			sourceTree = "<group>";
		};
/* End PBXVariantGroup section */

/* Begin XCBuildConfiguration section */
		819DBDB31C86F169000063FF /* Debug */ = {
			isa = XCBuildConfiguration;
			buildSettings = {
				ALWAYS_SEARCH_USER_PATHS = NO;
				CLANG_CXX_LANGUAGE_STANDARD = "gnu++0x";
				CLANG_CXX_LIBRARY = "libc++";
				CLANG_ENABLE_MODULES = YES;
				CLANG_ENABLE_OBJC_ARC = YES;
				CLANG_WARN_BOOL_CONVERSION = YES;
				CLANG_WARN_CONSTANT_CONVERSION = YES;
				CLANG_WARN_DIRECT_OBJC_ISA_USAGE = YES_ERROR;
				CLANG_WARN_EMPTY_BODY = YES;
				CLANG_WARN_ENUM_CONVERSION = YES;
				CLANG_WARN_INT_CONVERSION = YES;
				CLANG_WARN_OBJC_ROOT_CLASS = YES_ERROR;
				CLANG_WARN_UNREACHABLE_CODE = YES;
				CLANG_WARN__DUPLICATE_METHOD_MATCH = YES;
				"CODE_SIGN_IDENTITY[sdk=iphoneos*]" = "iPhone Developer";
				COPY_PHASE_STRIP = NO;
				DEBUG_INFORMATION_FORMAT = dwarf;
				ENABLE_STRICT_OBJC_MSGSEND = YES;
				ENABLE_TESTABILITY = YES;
				GCC_C_LANGUAGE_STANDARD = gnu99;
				GCC_DYNAMIC_NO_PIC = NO;
				GCC_NO_COMMON_BLOCKS = YES;
				GCC_OPTIMIZATION_LEVEL = 0;
				GCC_PREPROCESSOR_DEFINITIONS = (
					"DEBUG=1",
					"$(inherited)",
				);
				GCC_WARN_64_TO_32_BIT_CONVERSION = YES;
				GCC_WARN_ABOUT_RETURN_TYPE = YES_ERROR;
				GCC_WARN_UNDECLARED_SELECTOR = YES;
				GCC_WARN_UNINITIALIZED_AUTOS = YES_AGGRESSIVE;
				GCC_WARN_UNUSED_FUNCTION = YES;
				GCC_WARN_UNUSED_VARIABLE = YES;
				IPHONEOS_DEPLOYMENT_TARGET = 9.2;
				MTL_ENABLE_DEBUG_INFO = YES;
				ONLY_ACTIVE_ARCH = YES;
				SDKROOT = iphoneos;
			};
			name = Debug;
		};
		819DBDB41C86F169000063FF /* Release */ = {
			isa = XCBuildConfiguration;
			buildSettings = {
				ALWAYS_SEARCH_USER_PATHS = NO;
				CLANG_CXX_LANGUAGE_STANDARD = "gnu++0x";
				CLANG_CXX_LIBRARY = "libc++";
				CLANG_ENABLE_MODULES = YES;
				CLANG_ENABLE_OBJC_ARC = YES;
				CLANG_WARN_BOOL_CONVERSION = YES;
				CLANG_WARN_CONSTANT_CONVERSION = YES;
				CLANG_WARN_DIRECT_OBJC_ISA_USAGE = YES_ERROR;
				CLANG_WARN_EMPTY_BODY = YES;
				CLANG_WARN_ENUM_CONVERSION = YES;
				CLANG_WARN_INT_CONVERSION = YES;
				CLANG_WARN_OBJC_ROOT_CLASS = YES_ERROR;
				CLANG_WARN_UNREACHABLE_CODE = YES;
				CLANG_WARN__DUPLICATE_METHOD_MATCH = YES;
				"CODE_SIGN_IDENTITY[sdk=iphoneos*]" = "iPhone Developer";
				COPY_PHASE_STRIP = NO;
				DEBUG_INFORMATION_FORMAT = "dwarf-with-dsym";
				ENABLE_NS_ASSERTIONS = NO;
				ENABLE_STRICT_OBJC_MSGSEND = YES;
				GCC_C_LANGUAGE_STANDARD = gnu99;
				GCC_NO_COMMON_BLOCKS = YES;
				GCC_WARN_64_TO_32_BIT_CONVERSION = YES;
				GCC_WARN_ABOUT_RETURN_TYPE = YES_ERROR;
				GCC_WARN_UNDECLARED_SELECTOR = YES;
				GCC_WARN_UNINITIALIZED_AUTOS = YES_AGGRESSIVE;
				GCC_WARN_UNUSED_FUNCTION = YES;
				GCC_WARN_UNUSED_VARIABLE = YES;
				IPHONEOS_DEPLOYMENT_TARGET = 9.2;
				MTL_ENABLE_DEBUG_INFO = NO;
				SDKROOT = iphoneos;
				VALIDATE_PRODUCT = YES;
			};
			name = Release;
		};
		819DBDB61C86F169000063FF /* Debug */ = {
			isa = XCBuildConfiguration;
			buildSettings = {
				ASSETCATALOG_COMPILER_APPICON_NAME = AppIcon;
				INFOPLIST_FILE = SPFoundationExample/Info.plist;
				LD_RUNPATH_SEARCH_PATHS = "$(inherited) @executable_path/Frameworks";
				PRODUCT_BUNDLE_IDENTIFIER = com.sportscool.SPFoundationExample;
				PRODUCT_NAME = "$(TARGET_NAME)";
			};
			name = Debug;
		};
		819DBDB71C86F169000063FF /* Release */ = {
			isa = XCBuildConfiguration;
			buildSettings = {
				ASSETCATALOG_COMPILER_APPICON_NAME = AppIcon;
				INFOPLIST_FILE = SPFoundationExample/Info.plist;
				LD_RUNPATH_SEARCH_PATHS = "$(inherited) @executable_path/Frameworks";
				PRODUCT_BUNDLE_IDENTIFIER = com.sportscool.SPFoundationExample;
				PRODUCT_NAME = "$(TARGET_NAME)";
			};
			name = Release;
		};
/* End XCBuildConfiguration section */

/* Begin XCConfigurationList section */
		819DBD991C86F169000063FF /* Build configuration list for PBXProject "SPFoundationExample" */ = {
			isa = XCConfigurationList;
			buildConfigurations = (
				819DBDB31C86F169000063FF /* Debug */,
				819DBDB41C86F169000063FF /* Release */,
			);
			defaultConfigurationIsVisible = 0;
			defaultConfigurationName = Release;
		};
		819DBDB51C86F169000063FF /* Build configuration list for PBXNativeTarget "SPFoundationExample" */ = {
			isa = XCConfigurationList;
			buildConfigurations = (
				819DBDB61C86F169000063FF /* Debug */,
				819DBDB71C86F169000063FF /* Release */,
			);
			defaultConfigurationIsVisible = 0;
			defaultConfigurationName = Release;
		};
/* End XCConfigurationList section */
	};
	rootObject = 819DBD961C86F169000063FF /* Project object */;
}
