// !$*UTF8*$!
{
	archiveVersion = 1;
	classes = {
	};
	objectVersion = 46;
	objects = {

/* Begin PBXBuildFile section */
		81026C351CA3D67C00AF151E /* Main.storyboard in Resources */ = {isa = PBXBuildFile; fileRef = 81026C341CA3D67C00AF151E /* Main.storyboard */; };
		81026C381CA3DE8800AF151E /* ViewController2.m in Sources */ = {isa = PBXBuildFile; fileRef = 81026C371CA3DE8800AF151E /* ViewController2.m */; };
		81026C3A1CA3DFD900AF151E /* Activity.storyboard in Resources */ = {isa = PBXBuildFile; fileRef = 81026C391CA3DFD900AF151E /* Activity.storyboard */; };
		81026C3F1CA3E16D00AF151E /* SXBarButton.m in Sources */ = {isa = PBXBuildFile; fileRef = 81026C3E1CA3E16D00AF151E /* SXBarButton.m */; };
		81026C421CA3E17700AF151E /* SXTabBar.m in Sources */ = {isa = PBXBuildFile; fileRef = 81026C411CA3E17700AF151E /* SXTabBar.m */; };
		81026C451CA3E70300AF151E /* SearchViewController.m in Sources */ = {isa = PBXBuildFile; fileRef = 81026C441CA3E70300AF151E /* SearchViewController.m */; };
		81026C471CA3E84400AF151E /* Login.storyboard in Resources */ = {isa = PBXBuildFile; fileRef = 81026C461CA3E84400AF151E /* Login.storyboard */; };
		810F21821CA14986003FB9C7 /* SPHelper.m in Sources */ = {isa = PBXBuildFile; fileRef = 810F21811CA14986003FB9C7 /* SPHelper.m */; };
		810F21871CA19BAB003FB9C7 /* IB_UITextField.m in Sources */ = {isa = PBXBuildFile; fileRef = 810F21861CA19BAB003FB9C7 /* IB_UITextField.m */; };
		810F218A1CA19C47003FB9C7 /* IBDesignableViewController.m in Sources */ = {isa = PBXBuildFile; fileRef = 810F21891CA19C47003FB9C7 /* IBDesignableViewController.m */; };
		810F21901CA1A08F003FB9C7 /* IBDesignableOnePixelConstant.m in Sources */ = {isa = PBXBuildFile; fileRef = 810F218F1CA1A08F003FB9C7 /* IBDesignableOnePixelConstant.m */; };
		8116DF5F1C927549005EE1A2 /* UIViewController+SPBarButtonItem.m in Sources */ = {isa = PBXBuildFile; fileRef = 8116DF5E1C927549005EE1A2 /* UIViewController+SPBarButtonItem.m */; };
		8116DF651C9279BD005EE1A2 /* SPSegmentControll.m in Sources */ = {isa = PBXBuildFile; fileRef = 8116DF641C9279BD005EE1A2 /* SPSegmentControll.m */; };
		8116DF681C927B40005EE1A2 /* SPSegmentViewController.m in Sources */ = {isa = PBXBuildFile; fileRef = 8116DF671C927B40005EE1A2 /* SPSegmentViewController.m */; };
		812094181C915A5300EEDA89 /* UIApplication+SPKeyboardFrame.m in Sources */ = {isa = PBXBuildFile; fileRef = 812094171C915A5300EEDA89 /* UIApplication+SPKeyboardFrame.m */; };
		8120941B1C915A5900EEDA89 /* SPPlaceholderColorTextField.m in Sources */ = {isa = PBXBuildFile; fileRef = 8120941A1C915A5900EEDA89 /* SPPlaceholderColorTextField.m */; };
		8120941E1C915A5F00EEDA89 /* UIColor+SPHEX.m in Sources */ = {isa = PBXBuildFile; fileRef = 8120941D1C915A5F00EEDA89 /* UIColor+SPHEX.m */; };
		812094211C915A6600EEDA89 /* UIControl+SPBlock.m in Sources */ = {isa = PBXBuildFile; fileRef = 812094201C915A6600EEDA89 /* UIControl+SPBlock.m */; };
		812094241C915A6C00EEDA89 /* UIFont+SPTTF.m in Sources */ = {isa = PBXBuildFile; fileRef = 812094231C915A6C00EEDA89 /* UIFont+SPTTF.m */; };
		812094291C915A7400EEDA89 /* UINavigationController+SPStackManager.m in Sources */ = {isa = PBXBuildFile; fileRef = 812094261C915A7400EEDA89 /* UINavigationController+SPStackManager.m */; };
		8120942F1C915A7A00EEDA89 /* UINavigationItem+SPLoading.m in Sources */ = {isa = PBXBuildFile; fileRef = 8120942C1C915A7A00EEDA89 /* UINavigationItem+SPLoading.m */; };
		812094301C915A7A00EEDA89 /* UINavigationItem+SPMargin.m in Sources */ = {isa = PBXBuildFile; fileRef = 8120942E1C915A7A00EEDA89 /* UINavigationItem+SPMargin.m */; };
		812094331C915A8500EEDA89 /* UITableViewCell+SPNIB.m in Sources */ = {isa = PBXBuildFile; fileRef = 812094321C915A8500EEDA89 /* UITableViewCell+SPNIB.m */; };
		812094361C915A8C00EEDA89 /* UIWindow+SPHierarchy.m in Sources */ = {isa = PBXBuildFile; fileRef = 812094351C915A8C00EEDA89 /* UIWindow+SPHierarchy.m */; };
		8120943F1C915A9300EEDA89 /* SPPageView.m in Sources */ = {isa = PBXBuildFile; fileRef = 812094381C915A9300EEDA89 /* SPPageView.m */; };
		812094401C915A9300EEDA89 /* UIView+SPConstraints.m in Sources */ = {isa = PBXBuildFile; fileRef = 8120943A1C915A9300EEDA89 /* UIView+SPConstraints.m */; };
		812094411C915A9300EEDA89 /* UIView+SPFoundation.m in Sources */ = {isa = PBXBuildFile; fileRef = 8120943C1C915A9300EEDA89 /* UIView+SPFoundation.m */; };
		812094421C915A9300EEDA89 /* UIView+SPNIB.m in Sources */ = {isa = PBXBuildFile; fileRef = 8120943E1C915A9300EEDA89 /* UIView+SPNIB.m */; };
		812094471C915A9A00EEDA89 /* UIScrollView+SPAddition.m in Sources */ = {isa = PBXBuildFile; fileRef = 812094441C915A9A00EEDA89 /* UIScrollView+SPAddition.m */; };
		812094481C915A9A00EEDA89 /* UIScrollView+SPHitTest.m in Sources */ = {isa = PBXBuildFile; fileRef = 812094461C915A9A00EEDA89 /* UIScrollView+SPHitTest.m */; };
		812094571C915AA200EEDA89 /* SPBarButton.m in Sources */ = {isa = PBXBuildFile; fileRef = 8120944A1C915AA200EEDA89 /* SPBarButton.m */; };
		812094581C915AA200EEDA89 /* SPTextVerticalButton.m in Sources */ = {isa = PBXBuildFile; fileRef = 8120944C1C915AA200EEDA89 /* SPTextVerticalButton.m */; };
		812094591C915AA200EEDA89 /* UIButton+SPBackgroundColor.m in Sources */ = {isa = PBXBuildFile; fileRef = 8120944E1C915AA200EEDA89 /* UIButton+SPBackgroundColor.m */; };
		8120945A1C915AA200EEDA89 /* UIButton+SPCountDown.m in Sources */ = {isa = PBXBuildFile; fileRef = 812094501C915AA200EEDA89 /* UIButton+SPCountDown.m */; };
		8120945B1C915AA200EEDA89 /* UIButton+SPIndicatior.m in Sources */ = {isa = PBXBuildFile; fileRef = 812094521C915AA200EEDA89 /* UIButton+SPIndicatior.m */; };
		8120945C1C915AA200EEDA89 /* UIButton+SPSubmitting.m in Sources */ = {isa = PBXBuildFile; fileRef = 812094541C915AA200EEDA89 /* UIButton+SPSubmitting.m */; };
		8120945D1C915AA200EEDA89 /* UIButton+SPTouchAreaInsets.m in Sources */ = {isa = PBXBuildFile; fileRef = 812094561C915AA200EEDA89 /* UIButton+SPTouchAreaInsets.m */; };
		812094621C915AA800EEDA89 /* UITextView+SPDeleteBackWard.m in Sources */ = {isa = PBXBuildFile; fileRef = 8120945F1C915AA800EEDA89 /* UITextView+SPDeleteBackWard.m */; };
		812094631C915AA800EEDA89 /* UITextView+SPPlaceHolder.m in Sources */ = {isa = PBXBuildFile; fileRef = 812094611C915AA800EEDA89 /* UITextView+SPPlaceHolder.m */; };
		812094661C915AB800EEDA89 /* UIWebView+SPFoundation.m in Sources */ = {isa = PBXBuildFile; fileRef = 812094651C915AB800EEDA89 /* UIWebView+SPFoundation.m */; };
		812094A81C9166FF00EEDA89 /* NSFileHandle+SPReadLine.m in Sources */ = {isa = PBXBuildFile; fileRef = 812094A71C9166FF00EEDA89 /* NSFileHandle+SPReadLine.m */; };
		812094AD1C91670600EEDA89 /* NSTimer+SPAddition.m in Sources */ = {isa = PBXBuildFile; fileRef = 812094AA1C91670600EEDA89 /* NSTimer+SPAddition.m */; };
		812094AE1C91670600EEDA89 /* NSTimer+SPBlocks.m in Sources */ = {isa = PBXBuildFile; fileRef = 812094AC1C91670600EEDA89 /* NSTimer+SPBlocks.m */; };
		812094B51C91670C00EEDA89 /* NSObject+SPBlocks.m in Sources */ = {isa = PBXBuildFile; fileRef = 812094B01C91670C00EEDA89 /* NSObject+SPBlocks.m */; };
		812094B61C91670C00EEDA89 /* NSObject+SPGCD.m in Sources */ = {isa = PBXBuildFile; fileRef = 812094B21C91670C00EEDA89 /* NSObject+SPGCD.m */; };
		812094B71C91670C00EEDA89 /* NSObject+SPKVO.m in Sources */ = {isa = PBXBuildFile; fileRef = 812094B41C91670C00EEDA89 /* NSObject+SPKVO.m */; };
		812094C41C91671300EEDA89 /* NSString+SPBase64.m in Sources */ = {isa = PBXBuildFile; fileRef = 812094B91C91671300EEDA89 /* NSString+SPBase64.m */; };
		812094C51C91671300EEDA89 /* NSString+SPFoundation.m in Sources */ = {isa = PBXBuildFile; fileRef = 812094BB1C91671300EEDA89 /* NSString+SPFoundation.m */; };
		812094C61C91671300EEDA89 /* NSString+SPPinyin.m in Sources */ = {isa = PBXBuildFile; fileRef = 812094BD1C91671300EEDA89 /* NSString+SPPinyin.m */; };
		812094C71C91671300EEDA89 /* NSString+SPSize.m in Sources */ = {isa = PBXBuildFile; fileRef = 812094BF1C91671300EEDA89 /* NSString+SPSize.m */; };
		812094C81C91671300EEDA89 /* NSString+SPTrims.m in Sources */ = {isa = PBXBuildFile; fileRef = 812094C11C91671300EEDA89 /* NSString+SPTrims.m */; };
		812094C91C91671300EEDA89 /* NSString+SPValidate.m in Sources */ = {isa = PBXBuildFile; fileRef = 812094C31C91671300EEDA89 /* NSString+SPValidate.m */; };
		812094CE1C91671900EEDA89 /* NSDate+SPExtension.m in Sources */ = {isa = PBXBuildFile; fileRef = 812094CB1C91671900EEDA89 /* NSDate+SPExtension.m */; };
		812094CF1C91671900EEDA89 /* NSDateFormatter+SPMake.m in Sources */ = {isa = PBXBuildFile; fileRef = 812094CD1C91671900EEDA89 /* NSDateFormatter+SPMake.m */; };
		812094D21C91671F00EEDA89 /* NSData+SPBase64.m in Sources */ = {isa = PBXBuildFile; fileRef = 812094D11C91671F00EEDA89 /* NSData+SPBase64.m */; };
		812094D51C91679A00EEDA89 /* SPTabBar.m in Sources */ = {isa = PBXBuildFile; fileRef = 812094D41C91679A00EEDA89 /* SPTabBar.m */; };
		812094DA1C9178E400EEDA89 /* SPKeyChainManager.m in Sources */ = {isa = PBXBuildFile; fileRef = 812094D71C9178E400EEDA89 /* SPKeyChainManager.m */; };
		812094DB1C9178E400EEDA89 /* UIDevice+SPIdentifierAddition.m in Sources */ = {isa = PBXBuildFile; fileRef = 812094D91C9178E400EEDA89 /* UIDevice+SPIdentifierAddition.m */; };
		81238B1A1D02F1490090DD1B /* UILabel+SPFoundation.m in Sources */ = {isa = PBXBuildFile; fileRef = 81238B191D02F1490090DD1B /* UILabel+SPFoundation.m */; };
		812687381D69A1AF00353FFD /* NSMutableAttributedString+SPExtension.m in Sources */ = {isa = PBXBuildFile; fileRef = 812687371D69A1AF00353FFD /* NSMutableAttributedString+SPExtension.m */; };
		812BF9991C95368700BDF395 /* YLDateTime.m in Sources */ = {isa = PBXBuildFile; fileRef = 812BF9981C95368700BDF395 /* YLDateTime.m */; };
		812BF9BF1C9551B300BDF395 /* SPLocationManager.m in Sources */ = {isa = PBXBuildFile; fileRef = 812BF9BE1C9551B300BDF395 /* SPLocationManager.m */; };
		814DD9BA1D65B5E7006C48CF /* UIButton+Extension.m in Sources */ = {isa = PBXBuildFile; fileRef = 814DD9B91D65B5E7006C48CF /* UIButton+Extension.m */; };
		814DD9BD1D65B5F9006C48CF /* UILabel+Extension.m in Sources */ = {isa = PBXBuildFile; fileRef = 814DD9BC1D65B5F9006C48CF /* UILabel+Extension.m */; };
		814DD9C01D65B632006C48CF /* NSLayoutConstraintHairline.m in Sources */ = {isa = PBXBuildFile; fileRef = 814DD9BF1D65B632006C48CF /* NSLayoutConstraintHairline.m */; };
		815145151D755FB000CD402A /* NSString+Utils.m in Sources */ = {isa = PBXBuildFile; fileRef = 815145141D755FB000CD402A /* NSString+Utils.m */; };
		8151451F1D7560DD00CD402A /* UIView+Dynamic.m in Sources */ = {isa = PBXBuildFile; fileRef = 8151451E1D7560DD00CD402A /* UIView+Dynamic.m */; };
		8172CE081D6C36EB009C0CA7 /* NSString+LocalizedString.m in Sources */ = {isa = PBXBuildFile; fileRef = 8172CE071D6C36EB009C0CA7 /* NSString+LocalizedString.m */; };
		817B2BB21CA1156B00B8F0B0 /* Discovery.storyboard in Resources */ = {isa = PBXBuildFile; fileRef = 817B2BB11CA1156B00B8F0B0 /* Discovery.storyboard */; };
		817B2BB41CA1157600B8F0B0 /* Home.storyboard in Resources */ = {isa = PBXBuildFile; fileRef = 817B2BB31CA1157600B8F0B0 /* Home.storyboard */; };
		817B2BB61CA1157E00B8F0B0 /* Status.storyboard in Resources */ = {isa = PBXBuildFile; fileRef = 817B2BB51CA1157E00B8F0B0 /* Status.storyboard */; };
		817B2BB81CA1158900B8F0B0 /* My.storyboard in Resources */ = {isa = PBXBuildFile; fileRef = 817B2BB71CA1158900B8F0B0 /* My.storyboard */; };
		817B2BBB1CA1206400B8F0B0 /* DiscoveryViewController.m in Sources */ = {isa = PBXBuildFile; fileRef = 817B2BBA1CA1206400B8F0B0 /* DiscoveryViewController.m */; };
		817B2BBE1CA1207400B8F0B0 /* HomeViewController.m in Sources */ = {isa = PBXBuildFile; fileRef = 817B2BBD1CA1207400B8F0B0 /* HomeViewController.m */; };
		817B2BC11CA1207E00B8F0B0 /* StatusViewController.m in Sources */ = {isa = PBXBuildFile; fileRef = 817B2BC01CA1207E00B8F0B0 /* StatusViewController.m */; };
		817B2BC41CA1208600B8F0B0 /* MyViewController.m in Sources */ = {isa = PBXBuildFile; fileRef = 817B2BC31CA1208600B8F0B0 /* MyViewController.m */; };
		817B2BC71CA1225A00B8F0B0 /* MainViewController.m in Sources */ = {isa = PBXBuildFile; fileRef = 817B2BC61CA1225A00B8F0B0 /* MainViewController.m */; };
		818E9D8B1D839F0A001D071D /* NSArray+Utils.m in Sources */ = {isa = PBXBuildFile; fileRef = 818E9D8A1D839F0A001D071D /* NSArray+Utils.m */; };
		818E9D8E1D839F56001D071D /* NSString+Emoji.m in Sources */ = {isa = PBXBuildFile; fileRef = 818E9D8D1D839F56001D071D /* NSString+Emoji.m */; };
		818E9D921D83A59C001D071D /* CALayer+SPFoundation.m in Sources */ = {isa = PBXBuildFile; fileRef = 818E9D911D83A59C001D071D /* CALayer+SPFoundation.m */; };
		818E9D951D83A706001D071D /* UITextView+AttributedString.m in Sources */ = {isa = PBXBuildFile; fileRef = 818E9D941D83A706001D071D /* UITextView+AttributedString.m */; };
		819DBDA31C86F169000063FF /* main.m in Sources */ = {isa = PBXBuildFile; fileRef = 819DBDA21C86F169000063FF /* main.m */; };
		819DBDA61C86F169000063FF /* AppDelegate.m in Sources */ = {isa = PBXBuildFile; fileRef = 819DBDA51C86F169000063FF /* AppDelegate.m */; };
		819DBDAE1C86F169000063FF /* Assets.xcassets in Resources */ = {isa = PBXBuildFile; fileRef = 819DBDAD1C86F169000063FF /* Assets.xcassets */; };
		819DBDB11C86F169000063FF /* LaunchScreen.storyboard in Resources */ = {isa = PBXBuildFile; fileRef = 819DBDAF1C86F169000063FF /* LaunchScreen.storyboard */; };
		819DBDD51C8730F6000063FF /* SPBounceDismissAnimation.m in Sources */ = {isa = PBXBuildFile; fileRef = 819DBDCA1C8730F6000063FF /* SPBounceDismissAnimation.m */; };
		819DBDD61C8730F6000063FF /* SPBouncePresentAnimation.m in Sources */ = {isa = PBXBuildFile; fileRef = 819DBDCC1C8730F6000063FF /* SPBouncePresentAnimation.m */; };
		819DBDD71C8730F6000063FF /* SPNormalDismissAnimation.m in Sources */ = {isa = PBXBuildFile; fileRef = 819DBDCE1C8730F6000063FF /* SPNormalDismissAnimation.m */; };
		819DBDD81C8730F6000063FF /* SPNormalPresentAnimation.m in Sources */ = {isa = PBXBuildFile; fileRef = 819DBDD01C8730F6000063FF /* SPNormalPresentAnimation.m */; };
		819DBDD91C8730F6000063FF /* SPCustomPresentationController.m in Sources */ = {isa = PBXBuildFile; fileRef = 819DBDD21C8730F6000063FF /* SPCustomPresentationController.m */; };
		819DBDDA1C8730F6000063FF /* SPSwipeUpInteractiveTransition.m in Sources */ = {isa = PBXBuildFile; fileRef = 819DBDD41C8730F6000063FF /* SPSwipeUpInteractiveTransition.m */; };
		81A1C2411D2FF36400DC9C77 /* WelcomeView.m in Sources */ = {isa = PBXBuildFile; fileRef = 81A1C2401D2FF36400DC9C77 /* WelcomeView.m */; };
		81AFEEF41CA03EE700DEB96C /* UIButton+MyFont.m in Sources */ = {isa = PBXBuildFile; fileRef = 81AFEEF31CA03EE700DEB96C /* UIButton+MyFont.m */; };
		81AFEEF71CA040A400DEB96C /* UILabel+MyFont.m in Sources */ = {isa = PBXBuildFile; fileRef = 81AFEEF61CA040A400DEB96C /* UILabel+MyFont.m */; };
		81B5F7AE1C8D698600206924 /* Security.framework in Frameworks */ = {isa = PBXBuildFile; fileRef = 81B5F7AD1C8D698600206924 /* Security.framework */; };
		81B73C261C8EA9B60025A11A /* UIImage+SPSuperCompress.m in Sources */ = {isa = PBXBuildFile; fileRef = 81B73C251C8EA9B60025A11A /* UIImage+SPSuperCompress.m */; };
		81B73C291C8EAA2E0025A11A /* UIImage+SPBlur.m in Sources */ = {isa = PBXBuildFile; fileRef = 81B73C281C8EAA2E0025A11A /* UIImage+SPBlur.m */; };
		81B73C2C1C8EAA9D0025A11A /* UIImage+SPCapture.m in Sources */ = {isa = PBXBuildFile; fileRef = 81B73C2B1C8EAA9D0025A11A /* UIImage+SPCapture.m */; };
		81B73C2F1C8EAAEC0025A11A /* UIImage+SPColor.m in Sources */ = {isa = PBXBuildFile; fileRef = 81B73C2E1C8EAAEC0025A11A /* UIImage+SPColor.m */; };
		81B73C441C8ECF550025A11A /* MapKit.framework in Frameworks */ = {isa = PBXBuildFile; fileRef = 81B73C431C8ECF550025A11A /* MapKit.framework */; };
		81B73C471C8ECFCC0025A11A /* MKMapView+SPBetterMaps.m in Sources */ = {isa = PBXBuildFile; fileRef = 81B73C461C8ECFCC0025A11A /* MKMapView+SPBetterMaps.m */; };
		81B73C4A1C8ECFDC0025A11A /* MKMapView+SPZoomLevel.m in Sources */ = {isa = PBXBuildFile; fileRef = 81B73C491C8ECFDC0025A11A /* MKMapView+SPZoomLevel.m */; };
		81B73C4D1C8ED04B0025A11A /* MKMapView+SPMoveLogo.m in Sources */ = {isa = PBXBuildFile; fileRef = 81B73C4C1C8ED04B0025A11A /* MKMapView+SPMoveLogo.m */; };
		81D963271D6708C90032D4F1 /* UIImage+SPExtension.m in Sources */ = {isa = PBXBuildFile; fileRef = 81D963261D6708C90032D4F1 /* UIImage+SPExtension.m */; };
		AA3A1BA41B93B488C5AE3D77 /* libPods.a in Frameworks */ = {isa = PBXBuildFile; fileRef = A0519CB06DB6883EC2E7E244 /* libPods.a */; };
/* End PBXBuildFile section */

/* Begin PBXFileReference section */
		2350249F1DFB67311E5F2779 /* Pods.release.xcconfig */ = {isa = PBXFileReference; includeInIndex = 1; lastKnownFileType = text.xcconfig; name = Pods.release.xcconfig; path = "Pods/Target Support Files/Pods/Pods.release.xcconfig"; sourceTree = "<group>"; };
		81026C341CA3D67C00AF151E /* Main.storyboard */ = {isa = PBXFileReference; fileEncoding = 4; lastKnownFileType = file.storyboard; path = Main.storyboard; sourceTree = "<group>"; };
		81026C361CA3DE8800AF151E /* ViewController2.h */ = {isa = PBXFileReference; fileEncoding = 4; lastKnownFileType = sourcecode.c.h; path = ViewController2.h; sourceTree = "<group>"; };
		81026C371CA3DE8800AF151E /* ViewController2.m */ = {isa = PBXFileReference; fileEncoding = 4; lastKnownFileType = sourcecode.c.objc; path = ViewController2.m; sourceTree = "<group>"; };
		81026C391CA3DFD900AF151E /* Activity.storyboard */ = {isa = PBXFileReference; fileEncoding = 4; lastKnownFileType = file.storyboard; path = Activity.storyboard; sourceTree = "<group>"; };
		81026C3D1CA3E16D00AF151E /* SXBarButton.h */ = {isa = PBXFileReference; fileEncoding = 4; lastKnownFileType = sourcecode.c.h; path = SXBarButton.h; sourceTree = "<group>"; };
		81026C3E1CA3E16D00AF151E /* SXBarButton.m */ = {isa = PBXFileReference; fileEncoding = 4; lastKnownFileType = sourcecode.c.objc; path = SXBarButton.m; sourceTree = "<group>"; };
		81026C401CA3E17700AF151E /* SXTabBar.h */ = {isa = PBXFileReference; fileEncoding = 4; lastKnownFileType = sourcecode.c.h; path = SXTabBar.h; sourceTree = "<group>"; };
		81026C411CA3E17700AF151E /* SXTabBar.m */ = {isa = PBXFileReference; fileEncoding = 4; lastKnownFileType = sourcecode.c.objc; path = SXTabBar.m; sourceTree = "<group>"; };
		81026C431CA3E70300AF151E /* SearchViewController.h */ = {isa = PBXFileReference; fileEncoding = 4; lastKnownFileType = sourcecode.c.h; path = SearchViewController.h; sourceTree = "<group>"; };
		81026C441CA3E70300AF151E /* SearchViewController.m */ = {isa = PBXFileReference; fileEncoding = 4; lastKnownFileType = sourcecode.c.objc; path = SearchViewController.m; sourceTree = "<group>"; };
		81026C461CA3E84400AF151E /* Login.storyboard */ = {isa = PBXFileReference; fileEncoding = 4; lastKnownFileType = file.storyboard; path = Login.storyboard; sourceTree = "<group>"; };
		810F21801CA14986003FB9C7 /* SPHelper.h */ = {isa = PBXFileReference; fileEncoding = 4; lastKnownFileType = sourcecode.c.h; path = SPHelper.h; sourceTree = "<group>"; };
		810F21811CA14986003FB9C7 /* SPHelper.m */ = {isa = PBXFileReference; fileEncoding = 4; lastKnownFileType = sourcecode.c.objc; path = SPHelper.m; sourceTree = "<group>"; };
		810F21851CA19BAB003FB9C7 /* IB_UITextField.h */ = {isa = PBXFileReference; fileEncoding = 4; lastKnownFileType = sourcecode.c.h; path = IB_UITextField.h; sourceTree = "<group>"; };
		810F21861CA19BAB003FB9C7 /* IB_UITextField.m */ = {isa = PBXFileReference; fileEncoding = 4; lastKnownFileType = sourcecode.c.objc; path = IB_UITextField.m; sourceTree = "<group>"; };
		810F21881CA19C47003FB9C7 /* IBDesignableViewController.h */ = {isa = PBXFileReference; fileEncoding = 4; lastKnownFileType = sourcecode.c.h; path = IBDesignableViewController.h; sourceTree = "<group>"; };
		810F21891CA19C47003FB9C7 /* IBDesignableViewController.m */ = {isa = PBXFileReference; fileEncoding = 4; lastKnownFileType = sourcecode.c.objc; path = IBDesignableViewController.m; sourceTree = "<group>"; };
		810F218E1CA1A08F003FB9C7 /* IBDesignableOnePixelConstant.h */ = {isa = PBXFileReference; fileEncoding = 4; lastKnownFileType = sourcecode.c.h; path = IBDesignableOnePixelConstant.h; sourceTree = "<group>"; };
		810F218F1CA1A08F003FB9C7 /* IBDesignableOnePixelConstant.m */ = {isa = PBXFileReference; fileEncoding = 4; lastKnownFileType = sourcecode.c.objc; path = IBDesignableOnePixelConstant.m; sourceTree = "<group>"; };
		8116DF5D1C927549005EE1A2 /* UIViewController+SPBarButtonItem.h */ = {isa = PBXFileReference; fileEncoding = 4; lastKnownFileType = sourcecode.c.h; path = "UIViewController+SPBarButtonItem.h"; sourceTree = "<group>"; };
		8116DF5E1C927549005EE1A2 /* UIViewController+SPBarButtonItem.m */ = {isa = PBXFileReference; fileEncoding = 4; lastKnownFileType = sourcecode.c.objc; path = "UIViewController+SPBarButtonItem.m"; sourceTree = "<group>"; };
		8116DF631C9279BD005EE1A2 /* SPSegmentControll.h */ = {isa = PBXFileReference; fileEncoding = 4; lastKnownFileType = sourcecode.c.h; path = SPSegmentControll.h; sourceTree = "<group>"; };
		8116DF641C9279BD005EE1A2 /* SPSegmentControll.m */ = {isa = PBXFileReference; fileEncoding = 4; lastKnownFileType = sourcecode.c.objc; path = SPSegmentControll.m; sourceTree = "<group>"; };
		8116DF661C927B40005EE1A2 /* SPSegmentViewController.h */ = {isa = PBXFileReference; fileEncoding = 4; lastKnownFileType = sourcecode.c.h; path = SPSegmentViewController.h; sourceTree = "<group>"; };
		8116DF671C927B40005EE1A2 /* SPSegmentViewController.m */ = {isa = PBXFileReference; fileEncoding = 4; lastKnownFileType = sourcecode.c.objc; path = SPSegmentViewController.m; sourceTree = "<group>"; };
		812094161C915A5300EEDA89 /* UIApplication+SPKeyboardFrame.h */ = {isa = PBXFileReference; fileEncoding = 4; lastKnownFileType = sourcecode.c.h; path = "UIApplication+SPKeyboardFrame.h"; sourceTree = "<group>"; };
		812094171C915A5300EEDA89 /* UIApplication+SPKeyboardFrame.m */ = {isa = PBXFileReference; fileEncoding = 4; lastKnownFileType = sourcecode.c.objc; path = "UIApplication+SPKeyboardFrame.m"; sourceTree = "<group>"; };
		812094191C915A5900EEDA89 /* SPPlaceholderColorTextField.h */ = {isa = PBXFileReference; fileEncoding = 4; lastKnownFileType = sourcecode.c.h; path = SPPlaceholderColorTextField.h; sourceTree = "<group>"; };
		8120941A1C915A5900EEDA89 /* SPPlaceholderColorTextField.m */ = {isa = PBXFileReference; fileEncoding = 4; lastKnownFileType = sourcecode.c.objc; path = SPPlaceholderColorTextField.m; sourceTree = "<group>"; };
		8120941C1C915A5F00EEDA89 /* UIColor+SPHEX.h */ = {isa = PBXFileReference; fileEncoding = 4; lastKnownFileType = sourcecode.c.h; path = "UIColor+SPHEX.h"; sourceTree = "<group>"; };
		8120941D1C915A5F00EEDA89 /* UIColor+SPHEX.m */ = {isa = PBXFileReference; fileEncoding = 4; lastKnownFileType = sourcecode.c.objc; path = "UIColor+SPHEX.m"; sourceTree = "<group>"; };
		8120941F1C915A6600EEDA89 /* UIControl+SPBlock.h */ = {isa = PBXFileReference; fileEncoding = 4; lastKnownFileType = sourcecode.c.h; path = "UIControl+SPBlock.h"; sourceTree = "<group>"; };
		812094201C915A6600EEDA89 /* UIControl+SPBlock.m */ = {isa = PBXFileReference; fileEncoding = 4; lastKnownFileType = sourcecode.c.objc; path = "UIControl+SPBlock.m"; sourceTree = "<group>"; };
		812094221C915A6C00EEDA89 /* UIFont+SPTTF.h */ = {isa = PBXFileReference; fileEncoding = 4; lastKnownFileType = sourcecode.c.h; path = "UIFont+SPTTF.h"; sourceTree = "<group>"; };
		812094231C915A6C00EEDA89 /* UIFont+SPTTF.m */ = {isa = PBXFileReference; fileEncoding = 4; lastKnownFileType = sourcecode.c.objc; path = "UIFont+SPTTF.m"; sourceTree = "<group>"; };
		812094251C915A7400EEDA89 /* UINavigationController+SPStackManager.h */ = {isa = PBXFileReference; fileEncoding = 4; lastKnownFileType = sourcecode.c.h; path = "UINavigationController+SPStackManager.h"; sourceTree = "<group>"; };
		812094261C915A7400EEDA89 /* UINavigationController+SPStackManager.m */ = {isa = PBXFileReference; fileEncoding = 4; lastKnownFileType = sourcecode.c.objc; path = "UINavigationController+SPStackManager.m"; sourceTree = "<group>"; };
		8120942B1C915A7A00EEDA89 /* UINavigationItem+SPLoading.h */ = {isa = PBXFileReference; fileEncoding = 4; lastKnownFileType = sourcecode.c.h; path = "UINavigationItem+SPLoading.h"; sourceTree = "<group>"; };
		8120942C1C915A7A00EEDA89 /* UINavigationItem+SPLoading.m */ = {isa = PBXFileReference; fileEncoding = 4; lastKnownFileType = sourcecode.c.objc; path = "UINavigationItem+SPLoading.m"; sourceTree = "<group>"; };
		8120942D1C915A7A00EEDA89 /* UINavigationItem+SPMargin.h */ = {isa = PBXFileReference; fileEncoding = 4; lastKnownFileType = sourcecode.c.h; path = "UINavigationItem+SPMargin.h"; sourceTree = "<group>"; };
		8120942E1C915A7A00EEDA89 /* UINavigationItem+SPMargin.m */ = {isa = PBXFileReference; fileEncoding = 4; lastKnownFileType = sourcecode.c.objc; path = "UINavigationItem+SPMargin.m"; sourceTree = "<group>"; };
		812094311C915A8500EEDA89 /* UITableViewCell+SPNIB.h */ = {isa = PBXFileReference; fileEncoding = 4; lastKnownFileType = sourcecode.c.h; path = "UITableViewCell+SPNIB.h"; sourceTree = "<group>"; };
		812094321C915A8500EEDA89 /* UITableViewCell+SPNIB.m */ = {isa = PBXFileReference; fileEncoding = 4; lastKnownFileType = sourcecode.c.objc; path = "UITableViewCell+SPNIB.m"; sourceTree = "<group>"; };
		812094341C915A8C00EEDA89 /* UIWindow+SPHierarchy.h */ = {isa = PBXFileReference; fileEncoding = 4; lastKnownFileType = sourcecode.c.h; path = "UIWindow+SPHierarchy.h"; sourceTree = "<group>"; };
		812094351C915A8C00EEDA89 /* UIWindow+SPHierarchy.m */ = {isa = PBXFileReference; fileEncoding = 4; lastKnownFileType = sourcecode.c.objc; path = "UIWindow+SPHierarchy.m"; sourceTree = "<group>"; };
		812094371C915A9300EEDA89 /* SPPageView.h */ = {isa = PBXFileReference; fileEncoding = 4; lastKnownFileType = sourcecode.c.h; path = SPPageView.h; sourceTree = "<group>"; };
		812094381C915A9300EEDA89 /* SPPageView.m */ = {isa = PBXFileReference; fileEncoding = 4; lastKnownFileType = sourcecode.c.objc; path = SPPageView.m; sourceTree = "<group>"; };
		812094391C915A9300EEDA89 /* UIView+SPConstraints.h */ = {isa = PBXFileReference; fileEncoding = 4; lastKnownFileType = sourcecode.c.h; path = "UIView+SPConstraints.h"; sourceTree = "<group>"; };
		8120943A1C915A9300EEDA89 /* UIView+SPConstraints.m */ = {isa = PBXFileReference; fileEncoding = 4; lastKnownFileType = sourcecode.c.objc; path = "UIView+SPConstraints.m"; sourceTree = "<group>"; };
		8120943B1C915A9300EEDA89 /* UIView+SPFoundation.h */ = {isa = PBXFileReference; fileEncoding = 4; lastKnownFileType = sourcecode.c.h; path = "UIView+SPFoundation.h"; sourceTree = "<group>"; };
		8120943C1C915A9300EEDA89 /* UIView+SPFoundation.m */ = {isa = PBXFileReference; fileEncoding = 4; lastKnownFileType = sourcecode.c.objc; path = "UIView+SPFoundation.m"; sourceTree = "<group>"; };
		8120943D1C915A9300EEDA89 /* UIView+SPNIB.h */ = {isa = PBXFileReference; fileEncoding = 4; lastKnownFileType = sourcecode.c.h; path = "UIView+SPNIB.h"; sourceTree = "<group>"; };
		8120943E1C915A9300EEDA89 /* UIView+SPNIB.m */ = {isa = PBXFileReference; fileEncoding = 4; lastKnownFileType = sourcecode.c.objc; path = "UIView+SPNIB.m"; sourceTree = "<group>"; };
		812094431C915A9A00EEDA89 /* UIScrollView+SPAddition.h */ = {isa = PBXFileReference; fileEncoding = 4; lastKnownFileType = sourcecode.c.h; path = "UIScrollView+SPAddition.h"; sourceTree = "<group>"; };
		812094441C915A9A00EEDA89 /* UIScrollView+SPAddition.m */ = {isa = PBXFileReference; fileEncoding = 4; lastKnownFileType = sourcecode.c.objc; path = "UIScrollView+SPAddition.m"; sourceTree = "<group>"; };
		812094451C915A9A00EEDA89 /* UIScrollView+SPHitTest.h */ = {isa = PBXFileReference; fileEncoding = 4; lastKnownFileType = sourcecode.c.h; path = "UIScrollView+SPHitTest.h"; sourceTree = "<group>"; };
		812094461C915A9A00EEDA89 /* UIScrollView+SPHitTest.m */ = {isa = PBXFileReference; fileEncoding = 4; lastKnownFileType = sourcecode.c.objc; path = "UIScrollView+SPHitTest.m"; sourceTree = "<group>"; };
		812094491C915AA200EEDA89 /* SPBarButton.h */ = {isa = PBXFileReference; fileEncoding = 4; lastKnownFileType = sourcecode.c.h; path = SPBarButton.h; sourceTree = "<group>"; };
		8120944A1C915AA200EEDA89 /* SPBarButton.m */ = {isa = PBXFileReference; fileEncoding = 4; lastKnownFileType = sourcecode.c.objc; path = SPBarButton.m; sourceTree = "<group>"; };
		8120944B1C915AA200EEDA89 /* SPTextVerticalButton.h */ = {isa = PBXFileReference; fileEncoding = 4; lastKnownFileType = sourcecode.c.h; path = SPTextVerticalButton.h; sourceTree = "<group>"; };
		8120944C1C915AA200EEDA89 /* SPTextVerticalButton.m */ = {isa = PBXFileReference; fileEncoding = 4; lastKnownFileType = sourcecode.c.objc; path = SPTextVerticalButton.m; sourceTree = "<group>"; };
		8120944D1C915AA200EEDA89 /* UIButton+SPBackgroundColor.h */ = {isa = PBXFileReference; fileEncoding = 4; lastKnownFileType = sourcecode.c.h; path = "UIButton+SPBackgroundColor.h"; sourceTree = "<group>"; };
		8120944E1C915AA200EEDA89 /* UIButton+SPBackgroundColor.m */ = {isa = PBXFileReference; fileEncoding = 4; lastKnownFileType = sourcecode.c.objc; path = "UIButton+SPBackgroundColor.m"; sourceTree = "<group>"; };
		8120944F1C915AA200EEDA89 /* UIButton+SPCountDown.h */ = {isa = PBXFileReference; fileEncoding = 4; lastKnownFileType = sourcecode.c.h; path = "UIButton+SPCountDown.h"; sourceTree = "<group>"; };
		812094501C915AA200EEDA89 /* UIButton+SPCountDown.m */ = {isa = PBXFileReference; fileEncoding = 4; lastKnownFileType = sourcecode.c.objc; path = "UIButton+SPCountDown.m"; sourceTree = "<group>"; };
		812094511C915AA200EEDA89 /* UIButton+SPIndicatior.h */ = {isa = PBXFileReference; fileEncoding = 4; lastKnownFileType = sourcecode.c.h; path = "UIButton+SPIndicatior.h"; sourceTree = "<group>"; };
		812094521C915AA200EEDA89 /* UIButton+SPIndicatior.m */ = {isa = PBXFileReference; fileEncoding = 4; lastKnownFileType = sourcecode.c.objc; path = "UIButton+SPIndicatior.m"; sourceTree = "<group>"; };
		812094531C915AA200EEDA89 /* UIButton+SPSubmitting.h */ = {isa = PBXFileReference; fileEncoding = 4; lastKnownFileType = sourcecode.c.h; path = "UIButton+SPSubmitting.h"; sourceTree = "<group>"; };
		812094541C915AA200EEDA89 /* UIButton+SPSubmitting.m */ = {isa = PBXFileReference; fileEncoding = 4; lastKnownFileType = sourcecode.c.objc; path = "UIButton+SPSubmitting.m"; sourceTree = "<group>"; };
		812094551C915AA200EEDA89 /* UIButton+SPTouchAreaInsets.h */ = {isa = PBXFileReference; fileEncoding = 4; lastKnownFileType = sourcecode.c.h; path = "UIButton+SPTouchAreaInsets.h"; sourceTree = "<group>"; };
		812094561C915AA200EEDA89 /* UIButton+SPTouchAreaInsets.m */ = {isa = PBXFileReference; fileEncoding = 4; lastKnownFileType = sourcecode.c.objc; path = "UIButton+SPTouchAreaInsets.m"; sourceTree = "<group>"; };
		8120945E1C915AA800EEDA89 /* UITextView+SPDeleteBackWard.h */ = {isa = PBXFileReference; fileEncoding = 4; lastKnownFileType = sourcecode.c.h; path = "UITextView+SPDeleteBackWard.h"; sourceTree = "<group>"; };
		8120945F1C915AA800EEDA89 /* UITextView+SPDeleteBackWard.m */ = {isa = PBXFileReference; fileEncoding = 4; lastKnownFileType = sourcecode.c.objc; path = "UITextView+SPDeleteBackWard.m"; sourceTree = "<group>"; };
		812094601C915AA800EEDA89 /* UITextView+SPPlaceHolder.h */ = {isa = PBXFileReference; fileEncoding = 4; lastKnownFileType = sourcecode.c.h; path = "UITextView+SPPlaceHolder.h"; sourceTree = "<group>"; };
		812094611C915AA800EEDA89 /* UITextView+SPPlaceHolder.m */ = {isa = PBXFileReference; fileEncoding = 4; lastKnownFileType = sourcecode.c.objc; path = "UITextView+SPPlaceHolder.m"; sourceTree = "<group>"; };
		812094641C915AB800EEDA89 /* UIWebView+SPFoundation.h */ = {isa = PBXFileReference; fileEncoding = 4; lastKnownFileType = sourcecode.c.h; path = "UIWebView+SPFoundation.h"; sourceTree = "<group>"; };
		812094651C915AB800EEDA89 /* UIWebView+SPFoundation.m */ = {isa = PBXFileReference; fileEncoding = 4; lastKnownFileType = sourcecode.c.objc; path = "UIWebView+SPFoundation.m"; sourceTree = "<group>"; };
		812094A61C9166FF00EEDA89 /* NSFileHandle+SPReadLine.h */ = {isa = PBXFileReference; fileEncoding = 4; lastKnownFileType = sourcecode.c.h; path = "NSFileHandle+SPReadLine.h"; sourceTree = "<group>"; };
		812094A71C9166FF00EEDA89 /* NSFileHandle+SPReadLine.m */ = {isa = PBXFileReference; fileEncoding = 4; lastKnownFileType = sourcecode.c.objc; path = "NSFileHandle+SPReadLine.m"; sourceTree = "<group>"; };
		812094A91C91670600EEDA89 /* NSTimer+SPAddition.h */ = {isa = PBXFileReference; fileEncoding = 4; lastKnownFileType = sourcecode.c.h; path = "NSTimer+SPAddition.h"; sourceTree = "<group>"; };
		812094AA1C91670600EEDA89 /* NSTimer+SPAddition.m */ = {isa = PBXFileReference; fileEncoding = 4; lastKnownFileType = sourcecode.c.objc; path = "NSTimer+SPAddition.m"; sourceTree = "<group>"; };
		812094AB1C91670600EEDA89 /* NSTimer+SPBlocks.h */ = {isa = PBXFileReference; fileEncoding = 4; lastKnownFileType = sourcecode.c.h; path = "NSTimer+SPBlocks.h"; sourceTree = "<group>"; };
		812094AC1C91670600EEDA89 /* NSTimer+SPBlocks.m */ = {isa = PBXFileReference; fileEncoding = 4; lastKnownFileType = sourcecode.c.objc; path = "NSTimer+SPBlocks.m"; sourceTree = "<group>"; };
		812094AF1C91670C00EEDA89 /* NSObject+SPBlocks.h */ = {isa = PBXFileReference; fileEncoding = 4; lastKnownFileType = sourcecode.c.h; path = "NSObject+SPBlocks.h"; sourceTree = "<group>"; };
		812094B01C91670C00EEDA89 /* NSObject+SPBlocks.m */ = {isa = PBXFileReference; fileEncoding = 4; lastKnownFileType = sourcecode.c.objc; path = "NSObject+SPBlocks.m"; sourceTree = "<group>"; };
		812094B11C91670C00EEDA89 /* NSObject+SPGCD.h */ = {isa = PBXFileReference; fileEncoding = 4; lastKnownFileType = sourcecode.c.h; path = "NSObject+SPGCD.h"; sourceTree = "<group>"; };
		812094B21C91670C00EEDA89 /* NSObject+SPGCD.m */ = {isa = PBXFileReference; fileEncoding = 4; lastKnownFileType = sourcecode.c.objc; path = "NSObject+SPGCD.m"; sourceTree = "<group>"; };
		812094B31C91670C00EEDA89 /* NSObject+SPKVO.h */ = {isa = PBXFileReference; fileEncoding = 4; lastKnownFileType = sourcecode.c.h; path = "NSObject+SPKVO.h"; sourceTree = "<group>"; };
		812094B41C91670C00EEDA89 /* NSObject+SPKVO.m */ = {isa = PBXFileReference; fileEncoding = 4; lastKnownFileType = sourcecode.c.objc; path = "NSObject+SPKVO.m"; sourceTree = "<group>"; };
		812094B81C91671300EEDA89 /* NSString+SPBase64.h */ = {isa = PBXFileReference; fileEncoding = 4; lastKnownFileType = sourcecode.c.h; path = "NSString+SPBase64.h"; sourceTree = "<group>"; };
		812094B91C91671300EEDA89 /* NSString+SPBase64.m */ = {isa = PBXFileReference; fileEncoding = 4; lastKnownFileType = sourcecode.c.objc; path = "NSString+SPBase64.m"; sourceTree = "<group>"; };
		812094BA1C91671300EEDA89 /* NSString+SPFoundation.h */ = {isa = PBXFileReference; fileEncoding = 4; lastKnownFileType = sourcecode.c.h; path = "NSString+SPFoundation.h"; sourceTree = "<group>"; };
		812094BB1C91671300EEDA89 /* NSString+SPFoundation.m */ = {isa = PBXFileReference; fileEncoding = 4; lastKnownFileType = sourcecode.c.objc; path = "NSString+SPFoundation.m"; sourceTree = "<group>"; };
		812094BC1C91671300EEDA89 /* NSString+SPPinyin.h */ = {isa = PBXFileReference; fileEncoding = 4; lastKnownFileType = sourcecode.c.h; path = "NSString+SPPinyin.h"; sourceTree = "<group>"; };
		812094BD1C91671300EEDA89 /* NSString+SPPinyin.m */ = {isa = PBXFileReference; fileEncoding = 4; lastKnownFileType = sourcecode.c.objc; path = "NSString+SPPinyin.m"; sourceTree = "<group>"; };
		812094BE1C91671300EEDA89 /* NSString+SPSize.h */ = {isa = PBXFileReference; fileEncoding = 4; lastKnownFileType = sourcecode.c.h; path = "NSString+SPSize.h"; sourceTree = "<group>"; };
		812094BF1C91671300EEDA89 /* NSString+SPSize.m */ = {isa = PBXFileReference; fileEncoding = 4; lastKnownFileType = sourcecode.c.objc; path = "NSString+SPSize.m"; sourceTree = "<group>"; };
		812094C01C91671300EEDA89 /* NSString+SPTrims.h */ = {isa = PBXFileReference; fileEncoding = 4; lastKnownFileType = sourcecode.c.h; path = "NSString+SPTrims.h"; sourceTree = "<group>"; };
		812094C11C91671300EEDA89 /* NSString+SPTrims.m */ = {isa = PBXFileReference; fileEncoding = 4; lastKnownFileType = sourcecode.c.objc; path = "NSString+SPTrims.m"; sourceTree = "<group>"; };
		812094C21C91671300EEDA89 /* NSString+SPValidate.h */ = {isa = PBXFileReference; fileEncoding = 4; lastKnownFileType = sourcecode.c.h; path = "NSString+SPValidate.h"; sourceTree = "<group>"; };
		812094C31C91671300EEDA89 /* NSString+SPValidate.m */ = {isa = PBXFileReference; fileEncoding = 4; lastKnownFileType = sourcecode.c.objc; path = "NSString+SPValidate.m"; sourceTree = "<group>"; };
		812094CA1C91671900EEDA89 /* NSDate+SPExtension.h */ = {isa = PBXFileReference; fileEncoding = 4; lastKnownFileType = sourcecode.c.h; path = "NSDate+SPExtension.h"; sourceTree = "<group>"; };
		812094CB1C91671900EEDA89 /* NSDate+SPExtension.m */ = {isa = PBXFileReference; fileEncoding = 4; lastKnownFileType = sourcecode.c.objc; path = "NSDate+SPExtension.m"; sourceTree = "<group>"; };
		812094CC1C91671900EEDA89 /* NSDateFormatter+SPMake.h */ = {isa = PBXFileReference; fileEncoding = 4; lastKnownFileType = sourcecode.c.h; path = "NSDateFormatter+SPMake.h"; sourceTree = "<group>"; };
		812094CD1C91671900EEDA89 /* NSDateFormatter+SPMake.m */ = {isa = PBXFileReference; fileEncoding = 4; lastKnownFileType = sourcecode.c.objc; path = "NSDateFormatter+SPMake.m"; sourceTree = "<group>"; };
		812094D01C91671F00EEDA89 /* NSData+SPBase64.h */ = {isa = PBXFileReference; fileEncoding = 4; lastKnownFileType = sourcecode.c.h; path = "NSData+SPBase64.h"; sourceTree = "<group>"; };
		812094D11C91671F00EEDA89 /* NSData+SPBase64.m */ = {isa = PBXFileReference; fileEncoding = 4; lastKnownFileType = sourcecode.c.objc; path = "NSData+SPBase64.m"; sourceTree = "<group>"; };
		812094D31C91679A00EEDA89 /* SPTabBar.h */ = {isa = PBXFileReference; fileEncoding = 4; lastKnownFileType = sourcecode.c.h; path = SPTabBar.h; sourceTree = "<group>"; };
		812094D41C91679A00EEDA89 /* SPTabBar.m */ = {isa = PBXFileReference; fileEncoding = 4; lastKnownFileType = sourcecode.c.objc; path = SPTabBar.m; sourceTree = "<group>"; };
		812094D61C9178E400EEDA89 /* SPKeyChainManager.h */ = {isa = PBXFileReference; fileEncoding = 4; lastKnownFileType = sourcecode.c.h; path = SPKeyChainManager.h; sourceTree = "<group>"; };
		812094D71C9178E400EEDA89 /* SPKeyChainManager.m */ = {isa = PBXFileReference; fileEncoding = 4; lastKnownFileType = sourcecode.c.objc; path = SPKeyChainManager.m; sourceTree = "<group>"; };
		812094D81C9178E400EEDA89 /* UIDevice+SPIdentifierAddition.h */ = {isa = PBXFileReference; fileEncoding = 4; lastKnownFileType = sourcecode.c.h; path = "UIDevice+SPIdentifierAddition.h"; sourceTree = "<group>"; };
		812094D91C9178E400EEDA89 /* UIDevice+SPIdentifierAddition.m */ = {isa = PBXFileReference; fileEncoding = 4; lastKnownFileType = sourcecode.c.objc; path = "UIDevice+SPIdentifierAddition.m"; sourceTree = "<group>"; };
		812094DC1C917A5400EEDA89 /* SPFoundation.h */ = {isa = PBXFileReference; lastKnownFileType = sourcecode.c.h; path = SPFoundation.h; sourceTree = "<group>"; };
		812094DD1C917A8D00EEDA89 /* SPMacros.h */ = {isa = PBXFileReference; lastKnownFileType = sourcecode.c.h; path = SPMacros.h; sourceTree = "<group>"; };
		812094DE1C917AA900EEDA89 /* SPDimensMacros.h */ = {isa = PBXFileReference; lastKnownFileType = sourcecode.c.h; path = SPDimensMacros.h; sourceTree = "<group>"; };
		812094DF1C917AC900EEDA89 /* SPUtilsMacros.h */ = {isa = PBXFileReference; lastKnownFileType = sourcecode.c.h; path = SPUtilsMacros.h; sourceTree = "<group>"; };
		812094E01C917AF400EEDA89 /* SPPathMacros.h */ = {isa = PBXFileReference; lastKnownFileType = sourcecode.c.h; path = SPPathMacros.h; sourceTree = "<group>"; };
		81238B181D02F1490090DD1B /* UILabel+SPFoundation.h */ = {isa = PBXFileReference; fileEncoding = 4; lastKnownFileType = sourcecode.c.h; path = "UILabel+SPFoundation.h"; sourceTree = "<group>"; };
		81238B191D02F1490090DD1B /* UILabel+SPFoundation.m */ = {isa = PBXFileReference; fileEncoding = 4; lastKnownFileType = sourcecode.c.objc; path = "UILabel+SPFoundation.m"; sourceTree = "<group>"; };
		812687361D69A1AF00353FFD /* NSMutableAttributedString+SPExtension.h */ = {isa = PBXFileReference; fileEncoding = 4; lastKnownFileType = sourcecode.c.h; path = "NSMutableAttributedString+SPExtension.h"; sourceTree = "<group>"; };
		812687371D69A1AF00353FFD /* NSMutableAttributedString+SPExtension.m */ = {isa = PBXFileReference; fileEncoding = 4; lastKnownFileType = sourcecode.c.objc; path = "NSMutableAttributedString+SPExtension.m"; sourceTree = "<group>"; };
		812BF9971C95368700BDF395 /* YLDateTime.h */ = {isa = PBXFileReference; fileEncoding = 4; lastKnownFileType = sourcecode.c.h; path = YLDateTime.h; sourceTree = "<group>"; };
		812BF9981C95368700BDF395 /* YLDateTime.m */ = {isa = PBXFileReference; fileEncoding = 4; lastKnownFileType = sourcecode.c.objc; path = YLDateTime.m; sourceTree = "<group>"; };
		812BF9BD1C9551B300BDF395 /* SPLocationManager.h */ = {isa = PBXFileReference; fileEncoding = 4; lastKnownFileType = sourcecode.c.h; path = SPLocationManager.h; sourceTree = "<group>"; };
		812BF9BE1C9551B300BDF395 /* SPLocationManager.m */ = {isa = PBXFileReference; fileEncoding = 4; lastKnownFileType = sourcecode.c.objc; path = SPLocationManager.m; sourceTree = "<group>"; };
		814DD9B81D65B5E7006C48CF /* UIButton+Extension.h */ = {isa = PBXFileReference; fileEncoding = 4; lastKnownFileType = sourcecode.c.h; path = "UIButton+Extension.h"; sourceTree = "<group>"; };
		814DD9B91D65B5E7006C48CF /* UIButton+Extension.m */ = {isa = PBXFileReference; fileEncoding = 4; lastKnownFileType = sourcecode.c.objc; path = "UIButton+Extension.m"; sourceTree = "<group>"; };
		814DD9BB1D65B5F9006C48CF /* UILabel+Extension.h */ = {isa = PBXFileReference; fileEncoding = 4; lastKnownFileType = sourcecode.c.h; path = "UILabel+Extension.h"; sourceTree = "<group>"; };
		814DD9BC1D65B5F9006C48CF /* UILabel+Extension.m */ = {isa = PBXFileReference; fileEncoding = 4; lastKnownFileType = sourcecode.c.objc; path = "UILabel+Extension.m"; sourceTree = "<group>"; };
		814DD9BE1D65B632006C48CF /* NSLayoutConstraintHairline.h */ = {isa = PBXFileReference; fileEncoding = 4; lastKnownFileType = sourcecode.c.h; path = NSLayoutConstraintHairline.h; sourceTree = "<group>"; };
		814DD9BF1D65B632006C48CF /* NSLayoutConstraintHairline.m */ = {isa = PBXFileReference; fileEncoding = 4; lastKnownFileType = sourcecode.c.objc; path = NSLayoutConstraintHairline.m; sourceTree = "<group>"; };
		815145131D755FB000CD402A /* NSString+Utils.h */ = {isa = PBXFileReference; fileEncoding = 4; lastKnownFileType = sourcecode.c.h; path = "NSString+Utils.h"; sourceTree = "<group>"; };
		815145141D755FB000CD402A /* NSString+Utils.m */ = {isa = PBXFileReference; fileEncoding = 4; lastKnownFileType = sourcecode.c.objc; path = "NSString+Utils.m"; sourceTree = "<group>"; };
		8151451D1D7560DD00CD402A /* UIView+Dynamic.h */ = {isa = PBXFileReference; fileEncoding = 4; lastKnownFileType = sourcecode.c.h; path = "UIView+Dynamic.h"; sourceTree = "<group>"; };
		8151451E1D7560DD00CD402A /* UIView+Dynamic.m */ = {isa = PBXFileReference; fileEncoding = 4; lastKnownFileType = sourcecode.c.objc; path = "UIView+Dynamic.m"; sourceTree = "<group>"; };
		8172CE061D6C36EB009C0CA7 /* NSString+LocalizedString.h */ = {isa = PBXFileReference; fileEncoding = 4; lastKnownFileType = sourcecode.c.h; path = "NSString+LocalizedString.h"; sourceTree = "<group>"; };
		8172CE071D6C36EB009C0CA7 /* NSString+LocalizedString.m */ = {isa = PBXFileReference; fileEncoding = 4; lastKnownFileType = sourcecode.c.objc; path = "NSString+LocalizedString.m"; sourceTree = "<group>"; };
		817B2BB11CA1156B00B8F0B0 /* Discovery.storyboard */ = {isa = PBXFileReference; fileEncoding = 4; lastKnownFileType = file.storyboard; path = Discovery.storyboard; sourceTree = "<group>"; };
		817B2BB31CA1157600B8F0B0 /* Home.storyboard */ = {isa = PBXFileReference; fileEncoding = 4; lastKnownFileType = file.storyboard; path = Home.storyboard; sourceTree = "<group>"; };
		817B2BB51CA1157E00B8F0B0 /* Status.storyboard */ = {isa = PBXFileReference; fileEncoding = 4; lastKnownFileType = file.storyboard; path = Status.storyboard; sourceTree = "<group>"; };
		817B2BB71CA1158900B8F0B0 /* My.storyboard */ = {isa = PBXFileReference; fileEncoding = 4; lastKnownFileType = file.storyboard; path = My.storyboard; sourceTree = "<group>"; };
		817B2BB91CA1206400B8F0B0 /* DiscoveryViewController.h */ = {isa = PBXFileReference; fileEncoding = 4; lastKnownFileType = sourcecode.c.h; path = DiscoveryViewController.h; sourceTree = "<group>"; };
		817B2BBA1CA1206400B8F0B0 /* DiscoveryViewController.m */ = {isa = PBXFileReference; fileEncoding = 4; lastKnownFileType = sourcecode.c.objc; path = DiscoveryViewController.m; sourceTree = "<group>"; };
		817B2BBC1CA1207400B8F0B0 /* HomeViewController.h */ = {isa = PBXFileReference; fileEncoding = 4; lastKnownFileType = sourcecode.c.h; path = HomeViewController.h; sourceTree = "<group>"; };
		817B2BBD1CA1207400B8F0B0 /* HomeViewController.m */ = {isa = PBXFileReference; fileEncoding = 4; lastKnownFileType = sourcecode.c.objc; path = HomeViewController.m; sourceTree = "<group>"; };
		817B2BBF1CA1207E00B8F0B0 /* StatusViewController.h */ = {isa = PBXFileReference; fileEncoding = 4; lastKnownFileType = sourcecode.c.h; path = StatusViewController.h; sourceTree = "<group>"; };
		817B2BC01CA1207E00B8F0B0 /* StatusViewController.m */ = {isa = PBXFileReference; fileEncoding = 4; lastKnownFileType = sourcecode.c.objc; path = StatusViewController.m; sourceTree = "<group>"; };
		817B2BC21CA1208600B8F0B0 /* MyViewController.h */ = {isa = PBXFileReference; fileEncoding = 4; lastKnownFileType = sourcecode.c.h; path = MyViewController.h; sourceTree = "<group>"; };
		817B2BC31CA1208600B8F0B0 /* MyViewController.m */ = {isa = PBXFileReference; fileEncoding = 4; lastKnownFileType = sourcecode.c.objc; path = MyViewController.m; sourceTree = "<group>"; };
		817B2BC51CA1225A00B8F0B0 /* MainViewController.h */ = {isa = PBXFileReference; fileEncoding = 4; lastKnownFileType = sourcecode.c.h; path = MainViewController.h; sourceTree = "<group>"; };
		817B2BC61CA1225A00B8F0B0 /* MainViewController.m */ = {isa = PBXFileReference; fileEncoding = 4; lastKnownFileType = sourcecode.c.objc; path = MainViewController.m; sourceTree = "<group>"; };
		818E9D891D839F0A001D071D /* NSArray+Utils.h */ = {isa = PBXFileReference; fileEncoding = 4; lastKnownFileType = sourcecode.c.h; path = "NSArray+Utils.h"; sourceTree = "<group>"; };
		818E9D8A1D839F0A001D071D /* NSArray+Utils.m */ = {isa = PBXFileReference; fileEncoding = 4; lastKnownFileType = sourcecode.c.objc; path = "NSArray+Utils.m"; sourceTree = "<group>"; };
		818E9D8C1D839F56001D071D /* NSString+Emoji.h */ = {isa = PBXFileReference; fileEncoding = 4; lastKnownFileType = sourcecode.c.h; path = "NSString+Emoji.h"; sourceTree = "<group>"; };
		818E9D8D1D839F56001D071D /* NSString+Emoji.m */ = {isa = PBXFileReference; fileEncoding = 4; lastKnownFileType = sourcecode.c.objc; path = "NSString+Emoji.m"; sourceTree = "<group>"; };
		818E9D901D83A59C001D071D /* CALayer+SPFoundation.h */ = {isa = PBXFileReference; fileEncoding = 4; lastKnownFileType = sourcecode.c.h; path = "CALayer+SPFoundation.h"; sourceTree = "<group>"; };
		818E9D911D83A59C001D071D /* CALayer+SPFoundation.m */ = {isa = PBXFileReference; fileEncoding = 4; lastKnownFileType = sourcecode.c.objc; path = "CALayer+SPFoundation.m"; sourceTree = "<group>"; };
		818E9D931D83A706001D071D /* UITextView+AttributedString.h */ = {isa = PBXFileReference; fileEncoding = 4; lastKnownFileType = sourcecode.c.h; path = "UITextView+AttributedString.h"; sourceTree = "<group>"; };
		818E9D941D83A706001D071D /* UITextView+AttributedString.m */ = {isa = PBXFileReference; fileEncoding = 4; lastKnownFileType = sourcecode.c.objc; path = "UITextView+AttributedString.m"; sourceTree = "<group>"; };
		819DBD9E1C86F169000063FF /* SPFoundationExample.app */ = {isa = PBXFileReference; explicitFileType = wrapper.application; includeInIndex = 0; path = SPFoundationExample.app; sourceTree = BUILT_PRODUCTS_DIR; };
		819DBDA21C86F169000063FF /* main.m */ = {isa = PBXFileReference; lastKnownFileType = sourcecode.c.objc; path = main.m; sourceTree = "<group>"; };
		819DBDA41C86F169000063FF /* AppDelegate.h */ = {isa = PBXFileReference; lastKnownFileType = sourcecode.c.h; path = AppDelegate.h; sourceTree = "<group>"; };
		819DBDA51C86F169000063FF /* AppDelegate.m */ = {isa = PBXFileReference; lastKnownFileType = sourcecode.c.objc; path = AppDelegate.m; sourceTree = "<group>"; };
		819DBDAD1C86F169000063FF /* Assets.xcassets */ = {isa = PBXFileReference; lastKnownFileType = folder.assetcatalog; path = Assets.xcassets; sourceTree = "<group>"; };
		819DBDB01C86F169000063FF /* Base */ = {isa = PBXFileReference; lastKnownFileType = file.storyboard; name = Base; path = Base.lproj/LaunchScreen.storyboard; sourceTree = "<group>"; };
		819DBDB21C86F169000063FF /* Info.plist */ = {isa = PBXFileReference; lastKnownFileType = text.plist.xml; path = Info.plist; sourceTree = "<group>"; };
		819DBDC91C8730F6000063FF /* SPBounceDismissAnimation.h */ = {isa = PBXFileReference; fileEncoding = 4; lastKnownFileType = sourcecode.c.h; path = SPBounceDismissAnimation.h; sourceTree = "<group>"; };
		819DBDCA1C8730F6000063FF /* SPBounceDismissAnimation.m */ = {isa = PBXFileReference; fileEncoding = 4; lastKnownFileType = sourcecode.c.objc; path = SPBounceDismissAnimation.m; sourceTree = "<group>"; };
		819DBDCB1C8730F6000063FF /* SPBouncePresentAnimation.h */ = {isa = PBXFileReference; fileEncoding = 4; lastKnownFileType = sourcecode.c.h; path = SPBouncePresentAnimation.h; sourceTree = "<group>"; };
		819DBDCC1C8730F6000063FF /* SPBouncePresentAnimation.m */ = {isa = PBXFileReference; fileEncoding = 4; lastKnownFileType = sourcecode.c.objc; path = SPBouncePresentAnimation.m; sourceTree = "<group>"; };
		819DBDCD1C8730F6000063FF /* SPNormalDismissAnimation.h */ = {isa = PBXFileReference; fileEncoding = 4; lastKnownFileType = sourcecode.c.h; path = SPNormalDismissAnimation.h; sourceTree = "<group>"; };
		819DBDCE1C8730F6000063FF /* SPNormalDismissAnimation.m */ = {isa = PBXFileReference; fileEncoding = 4; lastKnownFileType = sourcecode.c.objc; path = SPNormalDismissAnimation.m; sourceTree = "<group>"; };
		819DBDCF1C8730F6000063FF /* SPNormalPresentAnimation.h */ = {isa = PBXFileReference; fileEncoding = 4; lastKnownFileType = sourcecode.c.h; path = SPNormalPresentAnimation.h; sourceTree = "<group>"; };
		819DBDD01C8730F6000063FF /* SPNormalPresentAnimation.m */ = {isa = PBXFileReference; fileEncoding = 4; lastKnownFileType = sourcecode.c.objc; path = SPNormalPresentAnimation.m; sourceTree = "<group>"; };
		819DBDD11C8730F6000063FF /* SPCustomPresentationController.h */ = {isa = PBXFileReference; fileEncoding = 4; lastKnownFileType = sourcecode.c.h; path = SPCustomPresentationController.h; sourceTree = "<group>"; };
		819DBDD21C8730F6000063FF /* SPCustomPresentationController.m */ = {isa = PBXFileReference; fileEncoding = 4; lastKnownFileType = sourcecode.c.objc; path = SPCustomPresentationController.m; sourceTree = "<group>"; };
		819DBDD31C8730F6000063FF /* SPSwipeUpInteractiveTransition.h */ = {isa = PBXFileReference; fileEncoding = 4; lastKnownFileType = sourcecode.c.h; path = SPSwipeUpInteractiveTransition.h; sourceTree = "<group>"; };
		819DBDD41C8730F6000063FF /* SPSwipeUpInteractiveTransition.m */ = {isa = PBXFileReference; fileEncoding = 4; lastKnownFileType = sourcecode.c.objc; path = SPSwipeUpInteractiveTransition.m; sourceTree = "<group>"; };
		81A1C23F1D2FF36400DC9C77 /* WelcomeView.h */ = {isa = PBXFileReference; fileEncoding = 4; lastKnownFileType = sourcecode.c.h; path = WelcomeView.h; sourceTree = "<group>"; };
		81A1C2401D2FF36400DC9C77 /* WelcomeView.m */ = {isa = PBXFileReference; fileEncoding = 4; lastKnownFileType = sourcecode.c.objc; path = WelcomeView.m; sourceTree = "<group>"; };
		81AFEEF21CA03EE700DEB96C /* UIButton+MyFont.h */ = {isa = PBXFileReference; fileEncoding = 4; lastKnownFileType = sourcecode.c.h; path = "UIButton+MyFont.h"; sourceTree = "<group>"; };
		81AFEEF31CA03EE700DEB96C /* UIButton+MyFont.m */ = {isa = PBXFileReference; fileEncoding = 4; lastKnownFileType = sourcecode.c.objc; path = "UIButton+MyFont.m"; sourceTree = "<group>"; };
		81AFEEF51CA040A400DEB96C /* UILabel+MyFont.h */ = {isa = PBXFileReference; fileEncoding = 4; lastKnownFileType = sourcecode.c.h; path = "UILabel+MyFont.h"; sourceTree = "<group>"; };
		81AFEEF61CA040A400DEB96C /* UILabel+MyFont.m */ = {isa = PBXFileReference; fileEncoding = 4; lastKnownFileType = sourcecode.c.objc; path = "UILabel+MyFont.m"; sourceTree = "<group>"; };
		81B5F7AD1C8D698600206924 /* Security.framework */ = {isa = PBXFileReference; lastKnownFileType = wrapper.framework; name = Security.framework; path = System/Library/Frameworks/Security.framework; sourceTree = SDKROOT; };
		81B73C241C8EA9B60025A11A /* UIImage+SPSuperCompress.h */ = {isa = PBXFileReference; fileEncoding = 4; lastKnownFileType = sourcecode.c.h; path = "UIImage+SPSuperCompress.h"; sourceTree = "<group>"; };
		81B73C251C8EA9B60025A11A /* UIImage+SPSuperCompress.m */ = {isa = PBXFileReference; fileEncoding = 4; lastKnownFileType = sourcecode.c.objc; path = "UIImage+SPSuperCompress.m"; sourceTree = "<group>"; };
		81B73C271C8EAA2E0025A11A /* UIImage+SPBlur.h */ = {isa = PBXFileReference; fileEncoding = 4; lastKnownFileType = sourcecode.c.h; path = "UIImage+SPBlur.h"; sourceTree = "<group>"; };
		81B73C281C8EAA2E0025A11A /* UIImage+SPBlur.m */ = {isa = PBXFileReference; fileEncoding = 4; lastKnownFileType = sourcecode.c.objc; path = "UIImage+SPBlur.m"; sourceTree = "<group>"; };
		81B73C2A1C8EAA9D0025A11A /* UIImage+SPCapture.h */ = {isa = PBXFileReference; fileEncoding = 4; lastKnownFileType = sourcecode.c.h; path = "UIImage+SPCapture.h"; sourceTree = "<group>"; };
		81B73C2B1C8EAA9D0025A11A /* UIImage+SPCapture.m */ = {isa = PBXFileReference; fileEncoding = 4; lastKnownFileType = sourcecode.c.objc; path = "UIImage+SPCapture.m"; sourceTree = "<group>"; };
		81B73C2D1C8EAAEC0025A11A /* UIImage+SPColor.h */ = {isa = PBXFileReference; fileEncoding = 4; lastKnownFileType = sourcecode.c.h; path = "UIImage+SPColor.h"; sourceTree = "<group>"; };
		81B73C2E1C8EAAEC0025A11A /* UIImage+SPColor.m */ = {isa = PBXFileReference; fileEncoding = 4; lastKnownFileType = sourcecode.c.objc; path = "UIImage+SPColor.m"; sourceTree = "<group>"; };
		81B73C431C8ECF550025A11A /* MapKit.framework */ = {isa = PBXFileReference; lastKnownFileType = wrapper.framework; name = MapKit.framework; path = System/Library/Frameworks/MapKit.framework; sourceTree = SDKROOT; };
		81B73C451C8ECFCC0025A11A /* MKMapView+SPBetterMaps.h */ = {isa = PBXFileReference; fileEncoding = 4; lastKnownFileType = sourcecode.c.h; path = "MKMapView+SPBetterMaps.h"; sourceTree = "<group>"; };
		81B73C461C8ECFCC0025A11A /* MKMapView+SPBetterMaps.m */ = {isa = PBXFileReference; fileEncoding = 4; lastKnownFileType = sourcecode.c.objc; path = "MKMapView+SPBetterMaps.m"; sourceTree = "<group>"; };
		81B73C481C8ECFDC0025A11A /* MKMapView+SPZoomLevel.h */ = {isa = PBXFileReference; fileEncoding = 4; lastKnownFileType = sourcecode.c.h; path = "MKMapView+SPZoomLevel.h"; sourceTree = "<group>"; };
		81B73C491C8ECFDC0025A11A /* MKMapView+SPZoomLevel.m */ = {isa = PBXFileReference; fileEncoding = 4; lastKnownFileType = sourcecode.c.objc; path = "MKMapView+SPZoomLevel.m"; sourceTree = "<group>"; };
		81B73C4B1C8ED04B0025A11A /* MKMapView+SPMoveLogo.h */ = {isa = PBXFileReference; fileEncoding = 4; lastKnownFileType = sourcecode.c.h; path = "MKMapView+SPMoveLogo.h"; sourceTree = "<group>"; };
		81B73C4C1C8ED04B0025A11A /* MKMapView+SPMoveLogo.m */ = {isa = PBXFileReference; fileEncoding = 4; lastKnownFileType = sourcecode.c.objc; path = "MKMapView+SPMoveLogo.m"; sourceTree = "<group>"; };
		81D963251D6708C90032D4F1 /* UIImage+SPExtension.h */ = {isa = PBXFileReference; fileEncoding = 4; lastKnownFileType = sourcecode.c.h; path = "UIImage+SPExtension.h"; sourceTree = "<group>"; };
		81D963261D6708C90032D4F1 /* UIImage+SPExtension.m */ = {isa = PBXFileReference; fileEncoding = 4; lastKnownFileType = sourcecode.c.objc; path = "UIImage+SPExtension.m"; sourceTree = "<group>"; };
		A0519CB06DB6883EC2E7E244 /* libPods.a */ = {isa = PBXFileReference; explicitFileType = archive.ar; includeInIndex = 0; path = libPods.a; sourceTree = BUILT_PRODUCTS_DIR; };
		AE6E95F29A41E9E3CDD6839A /* Pods.debug.xcconfig */ = {isa = PBXFileReference; includeInIndex = 1; lastKnownFileType = text.xcconfig; name = Pods.debug.xcconfig; path = "Pods/Target Support Files/Pods/Pods.debug.xcconfig"; sourceTree = "<group>"; };
/* End PBXFileReference section */

/* Begin PBXFrameworksBuildPhase section */
		819DBD9B1C86F169000063FF /* Frameworks */ = {
			isa = PBXFrameworksBuildPhase;
			buildActionMask = 2147483647;
			files = (
				81B73C441C8ECF550025A11A /* MapKit.framework in Frameworks */,
				81B5F7AE1C8D698600206924 /* Security.framework in Frameworks */,
				AA3A1BA41B93B488C5AE3D77 /* libPods.a in Frameworks */,
			);
			runOnlyForDeploymentPostprocessing = 0;
		};
/* End PBXFrameworksBuildPhase section */

/* Begin PBXGroup section */
		013C967A34500523B84DEB44 /* Frameworks */ = {
			isa = PBXGroup;
			children = (
				81B73C431C8ECF550025A11A /* MapKit.framework */,
				81B5F7AD1C8D698600206924 /* Security.framework */,
				A0519CB06DB6883EC2E7E244 /* libPods.a */,
			);
			name = Frameworks;
			sourceTree = "<group>";
		};
		810F21831CA14E67003FB9C7 /* Public */ = {
			isa = PBXGroup;
			children = (
			);
			path = Public;
			sourceTree = "<group>";
		};
		810F21841CA19B82003FB9C7 /* IBDesignable */ = {
			isa = PBXGroup;
			children = (
				810F21851CA19BAB003FB9C7 /* IB_UITextField.h */,
				810F21861CA19BAB003FB9C7 /* IB_UITextField.m */,
				810F21881CA19C47003FB9C7 /* IBDesignableViewController.h */,
				810F21891CA19C47003FB9C7 /* IBDesignableViewController.m */,
				810F218E1CA1A08F003FB9C7 /* IBDesignableOnePixelConstant.h */,
				810F218F1CA1A08F003FB9C7 /* IBDesignableOnePixelConstant.m */,
			);
			path = IBDesignable;
			sourceTree = "<group>";
		};
		8116DF5C1C9274F7005EE1A2 /* UIViewController */ = {
			isa = PBXGroup;
			children = (
				8116DF5D1C927549005EE1A2 /* UIViewController+SPBarButtonItem.h */,
				8116DF5E1C927549005EE1A2 /* UIViewController+SPBarButtonItem.m */,
				8116DF631C9279BD005EE1A2 /* SPSegmentControll.h */,
				8116DF641C9279BD005EE1A2 /* SPSegmentControll.m */,
				8116DF661C927B40005EE1A2 /* SPSegmentViewController.h */,
				8116DF671C927B40005EE1A2 /* SPSegmentViewController.m */,
			);
			path = UIViewController;
			sourceTree = "<group>";
		};
		812093D61C91574300EEDA89 /* UILabel */ = {
			isa = PBXGroup;
			children = (
				814DD9BB1D65B5F9006C48CF /* UILabel+Extension.h */,
				814DD9BC1D65B5F9006C48CF /* UILabel+Extension.m */,
				81AFEEF51CA040A400DEB96C /* UILabel+MyFont.h */,
				81AFEEF61CA040A400DEB96C /* UILabel+MyFont.m */,
				81238B181D02F1490090DD1B /* UILabel+SPFoundation.h */,
				81238B191D02F1490090DD1B /* UILabel+SPFoundation.m */,
			);
			path = UILabel;
			sourceTree = "<group>";
		};
		812093D71C91575300EEDA89 /* UITextView */ = {
			isa = PBXGroup;
			children = (
				8120945E1C915AA800EEDA89 /* UITextView+SPDeleteBackWard.h */,
				8120945F1C915AA800EEDA89 /* UITextView+SPDeleteBackWard.m */,
				812094601C915AA800EEDA89 /* UITextView+SPPlaceHolder.h */,
				812094611C915AA800EEDA89 /* UITextView+SPPlaceHolder.m */,
				818E9D931D83A706001D071D /* UITextView+AttributedString.h */,
				818E9D941D83A706001D071D /* UITextView+AttributedString.m */,
			);
			path = UITextView;
			sourceTree = "<group>";
		};
		812093D81C91575E00EEDA89 /* UIButton */ = {
			isa = PBXGroup;
			children = (
				812094491C915AA200EEDA89 /* SPBarButton.h */,
				8120944A1C915AA200EEDA89 /* SPBarButton.m */,
				814DD9B81D65B5E7006C48CF /* UIButton+Extension.h */,
				814DD9B91D65B5E7006C48CF /* UIButton+Extension.m */,
				8120944B1C915AA200EEDA89 /* SPTextVerticalButton.h */,
				8120944C1C915AA200EEDA89 /* SPTextVerticalButton.m */,
				8120944D1C915AA200EEDA89 /* UIButton+SPBackgroundColor.h */,
				8120944E1C915AA200EEDA89 /* UIButton+SPBackgroundColor.m */,
				8120944F1C915AA200EEDA89 /* UIButton+SPCountDown.h */,
				812094501C915AA200EEDA89 /* UIButton+SPCountDown.m */,
				812094511C915AA200EEDA89 /* UIButton+SPIndicatior.h */,
				812094521C915AA200EEDA89 /* UIButton+SPIndicatior.m */,
				812094531C915AA200EEDA89 /* UIButton+SPSubmitting.h */,
				812094541C915AA200EEDA89 /* UIButton+SPSubmitting.m */,
				812094551C915AA200EEDA89 /* UIButton+SPTouchAreaInsets.h */,
				812094561C915AA200EEDA89 /* UIButton+SPTouchAreaInsets.m */,
				81AFEEF21CA03EE700DEB96C /* UIButton+MyFont.h */,
				81AFEEF31CA03EE700DEB96C /* UIButton+MyFont.m */,
			);
			path = UIButton;
			sourceTree = "<group>";
		};
		812093D91C91577300EEDA89 /* UIScrollView */ = {
			isa = PBXGroup;
			children = (
				812094431C915A9A00EEDA89 /* UIScrollView+SPAddition.h */,
				812094441C915A9A00EEDA89 /* UIScrollView+SPAddition.m */,
				812094451C915A9A00EEDA89 /* UIScrollView+SPHitTest.h */,
				812094461C915A9A00EEDA89 /* UIScrollView+SPHitTest.m */,
			);
			path = UIScrollView;
			sourceTree = "<group>";
		};
		812093DA1C91579200EEDA89 /* UIView */ = {
			isa = PBXGroup;
			children = (
				812094371C915A9300EEDA89 /* SPPageView.h */,
				812094381C915A9300EEDA89 /* SPPageView.m */,
				812094D31C91679A00EEDA89 /* SPTabBar.h */,
				812094D41C91679A00EEDA89 /* SPTabBar.m */,
				8151451D1D7560DD00CD402A /* UIView+Dynamic.h */,
				8151451E1D7560DD00CD402A /* UIView+Dynamic.m */,
				812094391C915A9300EEDA89 /* UIView+SPConstraints.h */,
				8120943A1C915A9300EEDA89 /* UIView+SPConstraints.m */,
				8120943B1C915A9300EEDA89 /* UIView+SPFoundation.h */,
				8120943C1C915A9300EEDA89 /* UIView+SPFoundation.m */,
				8120943D1C915A9300EEDA89 /* UIView+SPNIB.h */,
				8120943E1C915A9300EEDA89 /* UIView+SPNIB.m */,
			);
			path = UIView;
			sourceTree = "<group>";
		};
		812093DB1C9157A300EEDA89 /* UIWindow */ = {
			isa = PBXGroup;
			children = (
				812094341C915A8C00EEDA89 /* UIWindow+SPHierarchy.h */,
				812094351C915A8C00EEDA89 /* UIWindow+SPHierarchy.m */,
			);
			path = UIWindow;
			sourceTree = "<group>";
		};
		812093DC1C9157C100EEDA89 /* UITableViewCell */ = {
			isa = PBXGroup;
			children = (
				812094311C915A8500EEDA89 /* UITableViewCell+SPNIB.h */,
				812094321C915A8500EEDA89 /* UITableViewCell+SPNIB.m */,
			);
			path = UITableViewCell;
			sourceTree = "<group>";
		};
		812093DD1C9157DF00EEDA89 /* UINavigationItem */ = {
			isa = PBXGroup;
			children = (
				8120942B1C915A7A00EEDA89 /* UINavigationItem+SPLoading.h */,
				8120942C1C915A7A00EEDA89 /* UINavigationItem+SPLoading.m */,
				8120942D1C915A7A00EEDA89 /* UINavigationItem+SPMargin.h */,
				8120942E1C915A7A00EEDA89 /* UINavigationItem+SPMargin.m */,
			);
			path = UINavigationItem;
			sourceTree = "<group>";
		};
		812093DE1C91580F00EEDA89 /* UINavigationController */ = {
			isa = PBXGroup;
			children = (
				812094251C915A7400EEDA89 /* UINavigationController+SPStackManager.h */,
				812094261C915A7400EEDA89 /* UINavigationController+SPStackManager.m */,
			);
			path = UINavigationController;
			sourceTree = "<group>";
		};
		812094111C9159B700EEDA89 /* UIFont */ = {
			isa = PBXGroup;
			children = (
				812094221C915A6C00EEDA89 /* UIFont+SPTTF.h */,
				812094231C915A6C00EEDA89 /* UIFont+SPTTF.m */,
			);
			path = UIFont;
			sourceTree = "<group>";
		};
		812094121C9159C700EEDA89 /* UIControl */ = {
			isa = PBXGroup;
			children = (
				8120941F1C915A6600EEDA89 /* UIControl+SPBlock.h */,
				812094201C915A6600EEDA89 /* UIControl+SPBlock.m */,
			);
			path = UIControl;
			sourceTree = "<group>";
		};
		812094131C9159D300EEDA89 /* UIColor */ = {
			isa = PBXGroup;
			children = (
				8120941C1C915A5F00EEDA89 /* UIColor+SPHEX.h */,
				8120941D1C915A5F00EEDA89 /* UIColor+SPHEX.m */,
			);
			path = UIColor;
			sourceTree = "<group>";
		};
		812094141C9159E300EEDA89 /* UITextField */ = {
			isa = PBXGroup;
			children = (
				812094191C915A5900EEDA89 /* SPPlaceholderColorTextField.h */,
				8120941A1C915A5900EEDA89 /* SPPlaceholderColorTextField.m */,
			);
			path = UITextField;
			sourceTree = "<group>";
		};
		812094151C9159F100EEDA89 /* UIApplication */ = {
			isa = PBXGroup;
			children = (
				812094161C915A5300EEDA89 /* UIApplication+SPKeyboardFrame.h */,
				812094171C915A5300EEDA89 /* UIApplication+SPKeyboardFrame.m */,
			);
			path = UIApplication;
			sourceTree = "<group>";
		};
		812094A01C91666F00EEDA89 /* NSData */ = {
			isa = PBXGroup;
			children = (
				812094D01C91671F00EEDA89 /* NSData+SPBase64.h */,
				812094D11C91671F00EEDA89 /* NSData+SPBase64.m */,
			);
			path = NSData;
			sourceTree = "<group>";
		};
		812094A11C91667600EEDA89 /* NSDate */ = {
			isa = PBXGroup;
			children = (
				812BF9971C95368700BDF395 /* YLDateTime.h */,
				812BF9981C95368700BDF395 /* YLDateTime.m */,
				812094CA1C91671900EEDA89 /* NSDate+SPExtension.h */,
				812094CB1C91671900EEDA89 /* NSDate+SPExtension.m */,
				812094CC1C91671900EEDA89 /* NSDateFormatter+SPMake.h */,
				812094CD1C91671900EEDA89 /* NSDateFormatter+SPMake.m */,
			);
			path = NSDate;
			sourceTree = "<group>";
		};
		812094A21C91668400EEDA89 /* NSString */ = {
			isa = PBXGroup;
			children = (
				815145131D755FB000CD402A /* NSString+Utils.h */,
				815145141D755FB000CD402A /* NSString+Utils.m */,
				818E9D8C1D839F56001D071D /* NSString+Emoji.h */,
				818E9D8D1D839F56001D071D /* NSString+Emoji.m */,
				812094B81C91671300EEDA89 /* NSString+SPBase64.h */,
				812094B91C91671300EEDA89 /* NSString+SPBase64.m */,
				812094BA1C91671300EEDA89 /* NSString+SPFoundation.h */,
				812094BB1C91671300EEDA89 /* NSString+SPFoundation.m */,
				812094BC1C91671300EEDA89 /* NSString+SPPinyin.h */,
				812094BD1C91671300EEDA89 /* NSString+SPPinyin.m */,
				812094BE1C91671300EEDA89 /* NSString+SPSize.h */,
				812094BF1C91671300EEDA89 /* NSString+SPSize.m */,
				812094C01C91671300EEDA89 /* NSString+SPTrims.h */,
				812094C11C91671300EEDA89 /* NSString+SPTrims.m */,
				812094C21C91671300EEDA89 /* NSString+SPValidate.h */,
				812094C31C91671300EEDA89 /* NSString+SPValidate.m */,
				8172CE061D6C36EB009C0CA7 /* NSString+LocalizedString.h */,
				8172CE071D6C36EB009C0CA7 /* NSString+LocalizedString.m */,
			);
			path = NSString;
			sourceTree = "<group>";
		};
		812094A31C91669400EEDA89 /* NSObject */ = {
			isa = PBXGroup;
			children = (
				812094AF1C91670C00EEDA89 /* NSObject+SPBlocks.h */,
				812094B01C91670C00EEDA89 /* NSObject+SPBlocks.m */,
				812094B11C91670C00EEDA89 /* NSObject+SPGCD.h */,
				812094B21C91670C00EEDA89 /* NSObject+SPGCD.m */,
				812094B31C91670C00EEDA89 /* NSObject+SPKVO.h */,
				812094B41C91670C00EEDA89 /* NSObject+SPKVO.m */,
			);
			path = NSObject;
			sourceTree = "<group>";
		};
		812094A41C9166A600EEDA89 /* NSTimer */ = {
			isa = PBXGroup;
			children = (
				812094A91C91670600EEDA89 /* NSTimer+SPAddition.h */,
				812094AA1C91670600EEDA89 /* NSTimer+SPAddition.m */,
				812094AB1C91670600EEDA89 /* NSTimer+SPBlocks.h */,
				812094AC1C91670600EEDA89 /* NSTimer+SPBlocks.m */,
			);
			path = NSTimer;
			sourceTree = "<group>";
		};
		812094A51C9166BE00EEDA89 /* NSFileHandle */ = {
			isa = PBXGroup;
			children = (
				812094A61C9166FF00EEDA89 /* NSFileHandle+SPReadLine.h */,
				812094A71C9166FF00EEDA89 /* NSFileHandle+SPReadLine.m */,
			);
			path = NSFileHandle;
			sourceTree = "<group>";
		};
		812687351D69A18400353FFD /* NSMutableAttributedString */ = {
			isa = PBXGroup;
			children = (
				812687361D69A1AF00353FFD /* NSMutableAttributedString+SPExtension.h */,
				812687371D69A1AF00353FFD /* NSMutableAttributedString+SPExtension.m */,
			);
			path = NSMutableAttributedString;
			sourceTree = "<group>";
		};
		817B2BA71CA112BC00B8F0B0 /* Sections */ = {
			isa = PBXGroup;
			children = (
				81F1EFFA1D68655F00FA5886 /* Model */,
				810F21831CA14E67003FB9C7 /* Public */,
				817B2BAC1CA1148E00B8F0B0 /* Main */,
				817B2BAB1CA1141C00B8F0B0 /* Discovery */,
				817B2BAA1CA113F800B8F0B0 /* Home */,
				817B2BA91CA1130000B8F0B0 /* Status */,
				817B2BA81CA112F400B8F0B0 /* My */,
			);
			path = Sections;
			sourceTree = "<group>";
		};
		817B2BA81CA112F400B8F0B0 /* My */ = {
			isa = PBXGroup;
			children = (
				817B2BB71CA1158900B8F0B0 /* My.storyboard */,
				817B2BC21CA1208600B8F0B0 /* MyViewController.h */,
				817B2BC31CA1208600B8F0B0 /* MyViewController.m */,
			);
			path = My;
			sourceTree = "<group>";
		};
		817B2BA91CA1130000B8F0B0 /* Status */ = {
			isa = PBXGroup;
			children = (
				817B2BB51CA1157E00B8F0B0 /* Status.storyboard */,
				817B2BBF1CA1207E00B8F0B0 /* StatusViewController.h */,
				817B2BC01CA1207E00B8F0B0 /* StatusViewController.m */,
			);
			path = Status;
			sourceTree = "<group>";
		};
		817B2BAA1CA113F800B8F0B0 /* Home */ = {
			isa = PBXGroup;
			children = (
				817B2BB31CA1157600B8F0B0 /* Home.storyboard */,
				817B2BBC1CA1207400B8F0B0 /* HomeViewController.h */,
				817B2BBD1CA1207400B8F0B0 /* HomeViewController.m */,
				810F21841CA19B82003FB9C7 /* IBDesignable */,
			);
			path = Home;
			sourceTree = "<group>";
		};
		817B2BAB1CA1141C00B8F0B0 /* Discovery */ = {
			isa = PBXGroup;
			children = (
				817B2BB11CA1156B00B8F0B0 /* Discovery.storyboard */,
				817B2BB91CA1206400B8F0B0 /* DiscoveryViewController.h */,
				817B2BBA1CA1206400B8F0B0 /* DiscoveryViewController.m */,
				81026C431CA3E70300AF151E /* SearchViewController.h */,
				81026C441CA3E70300AF151E /* SearchViewController.m */,
			);
			path = Discovery;
			sourceTree = "<group>";
		};
		817B2BAC1CA1148E00B8F0B0 /* Main */ = {
			isa = PBXGroup;
			children = (
				81026C341CA3D67C00AF151E /* Main.storyboard */,
				81026C461CA3E84400AF151E /* Login.storyboard */,
				81026C391CA3DFD900AF151E /* Activity.storyboard */,
				81026C401CA3E17700AF151E /* SXTabBar.h */,
				81026C411CA3E17700AF151E /* SXTabBar.m */,
				81026C3D1CA3E16D00AF151E /* SXBarButton.h */,
				81026C3E1CA3E16D00AF151E /* SXBarButton.m */,
				817B2BC51CA1225A00B8F0B0 /* MainViewController.h */,
				817B2BC61CA1225A00B8F0B0 /* MainViewController.m */,
				81026C361CA3DE8800AF151E /* ViewController2.h */,
				81026C371CA3DE8800AF151E /* ViewController2.m */,
			);
			path = Main;
			sourceTree = "<group>";
		};
		818E9D881D839BBB001D071D /* NSArray */ = {
			isa = PBXGroup;
			children = (
				818E9D891D839F0A001D071D /* NSArray+Utils.h */,
				818E9D8A1D839F0A001D071D /* NSArray+Utils.m */,
			);
			path = NSArray;
			sourceTree = "<group>";
		};
		818E9D8F1D83A571001D071D /* CALayer */ = {
			isa = PBXGroup;
			children = (
				818E9D901D83A59C001D071D /* CALayer+SPFoundation.h */,
				818E9D911D83A59C001D071D /* CALayer+SPFoundation.m */,
			);
			path = CALayer;
			sourceTree = "<group>";
		};
		819DBD951C86F169000063FF = {
			isa = PBXGroup;
			children = (
				819DBDA01C86F169000063FF /* SPFoundationExample */,
				819DBD9F1C86F169000063FF /* Products */,
				9D72BCD51933D27566E0D851 /* Pods */,
				013C967A34500523B84DEB44 /* Frameworks */,
			);
			sourceTree = "<group>";
		};
		819DBD9F1C86F169000063FF /* Products */ = {
			isa = PBXGroup;
			children = (
				819DBD9E1C86F169000063FF /* SPFoundationExample.app */,
			);
			name = Products;
			sourceTree = "<group>";
		};
		819DBDA01C86F169000063FF /* SPFoundationExample */ = {
			isa = PBXGroup;
			children = (
				817B2BA71CA112BC00B8F0B0 /* Sections */,
				819DBDB81C86F192000063FF /* SPFoundation */,
				819DBDAD1C86F169000063FF /* Assets.xcassets */,
				819DBDA11C86F169000063FF /* Supporting Files */,
			);
			path = SPFoundationExample;
			sourceTree = "<group>";
		};
		819DBDA11C86F169000063FF /* Supporting Files */ = {
			isa = PBXGroup;
			children = (
				819DBDA41C86F169000063FF /* AppDelegate.h */,
				819DBDA51C86F169000063FF /* AppDelegate.m */,
				819DBDB21C86F169000063FF /* Info.plist */,
				819DBDAF1C86F169000063FF /* LaunchScreen.storyboard */,
				819DBDA21C86F169000063FF /* main.m */,
			);
			name = "Supporting Files";
			sourceTree = "<group>";
		};
		819DBDB81C86F192000063FF /* SPFoundation */ = {
			isa = PBXGroup;
			children = (
				812094DC1C917A5400EEDA89 /* SPFoundation.h */,
				81A1C23E1D2FF34300DC9C77 /* Classes */,
				819DBDBE1C872D9D000063FF /* Macros */,
				819DBDBD1C872D87000063FF /* UIKit */,
				819DBDC01C872DBB000063FF /* Helpers */,
				819DBDBF1C872DAE000063FF /* Transition */,
				819DBDBC1C872D7E000063FF /* Foundation */,
			);
			path = SPFoundation;
			sourceTree = "<group>";
		};
		819DBDBC1C872D7E000063FF /* Foundation */ = {
			isa = PBXGroup;
			children = (
				818E9D881D839BBB001D071D /* NSArray */,
				812687351D69A18400353FFD /* NSMutableAttributedString */,
				812094A51C9166BE00EEDA89 /* NSFileHandle */,
				812094A41C9166A600EEDA89 /* NSTimer */,
				812094A31C91669400EEDA89 /* NSObject */,
				812094A21C91668400EEDA89 /* NSString */,
				812094A11C91667600EEDA89 /* NSDate */,
				812094A01C91666F00EEDA89 /* NSData */,
			);
			path = Foundation;
			sourceTree = "<group>";
		};
		819DBDBD1C872D87000063FF /* UIKit */ = {
			isa = PBXGroup;
			children = (
				818E9D8F1D83A571001D071D /* CALayer */,
				8116DF5C1C9274F7005EE1A2 /* UIViewController */,
				812094151C9159F100EEDA89 /* UIApplication */,
				812094141C9159E300EEDA89 /* UITextField */,
				812094131C9159D300EEDA89 /* UIColor */,
				812094121C9159C700EEDA89 /* UIControl */,
				812094111C9159B700EEDA89 /* UIFont */,
				812093DE1C91580F00EEDA89 /* UINavigationController */,
				812093DD1C9157DF00EEDA89 /* UINavigationItem */,
				812093DC1C9157C100EEDA89 /* UITableViewCell */,
				812093DB1C9157A300EEDA89 /* UIWindow */,
				812093DA1C91579200EEDA89 /* UIView */,
				812093D91C91577300EEDA89 /* UIScrollView */,
				812093D81C91575E00EEDA89 /* UIButton */,
				812093D71C91575300EEDA89 /* UITextView */,
				812093D61C91574300EEDA89 /* UILabel */,
				81B73C3F1C8ECF1A0025A11A /* MKMapView */,
				81B73C231C8EA93F0025A11A /* UIDevice */,
				81B73C221C8EA9240025A11A /* UIImage */,
			);
			path = UIKit;
			sourceTree = "<group>";
		};
		819DBDBE1C872D9D000063FF /* Macros */ = {
			isa = PBXGroup;
			children = (
				812094DD1C917A8D00EEDA89 /* SPMacros.h */,
				812094E01C917AF400EEDA89 /* SPPathMacros.h */,
				812094DF1C917AC900EEDA89 /* SPUtilsMacros.h */,
				812094DE1C917AA900EEDA89 /* SPDimensMacros.h */,
			);
			path = Macros;
			sourceTree = "<group>";
		};
		819DBDBF1C872DAE000063FF /* Transition */ = {
			isa = PBXGroup;
			children = (
				819DBDC91C8730F6000063FF /* SPBounceDismissAnimation.h */,
				819DBDCA1C8730F6000063FF /* SPBounceDismissAnimation.m */,
				819DBDCB1C8730F6000063FF /* SPBouncePresentAnimation.h */,
				819DBDCC1C8730F6000063FF /* SPBouncePresentAnimation.m */,
				819DBDCD1C8730F6000063FF /* SPNormalDismissAnimation.h */,
				819DBDCE1C8730F6000063FF /* SPNormalDismissAnimation.m */,
				819DBDCF1C8730F6000063FF /* SPNormalPresentAnimation.h */,
				819DBDD01C8730F6000063FF /* SPNormalPresentAnimation.m */,
				819DBDD11C8730F6000063FF /* SPCustomPresentationController.h */,
				819DBDD21C8730F6000063FF /* SPCustomPresentationController.m */,
				819DBDD31C8730F6000063FF /* SPSwipeUpInteractiveTransition.h */,
				819DBDD41C8730F6000063FF /* SPSwipeUpInteractiveTransition.m */,
			);
			path = Transition;
			sourceTree = "<group>";
		};
		819DBDC01C872DBB000063FF /* Helpers */ = {
			isa = PBXGroup;
			children = (
				810F21801CA14986003FB9C7 /* SPHelper.h */,
				810F21811CA14986003FB9C7 /* SPHelper.m */,
				812BF9BD1C9551B300BDF395 /* SPLocationManager.h */,
				812BF9BE1C9551B300BDF395 /* SPLocationManager.m */,
			);
			path = Helpers;
			sourceTree = "<group>";
		};
		81A1C23E1D2FF34300DC9C77 /* Classes */ = {
			isa = PBXGroup;
			children = (
				81A1C23F1D2FF36400DC9C77 /* WelcomeView.h */,
				81A1C2401D2FF36400DC9C77 /* WelcomeView.m */,
				814DD9BE1D65B632006C48CF /* NSLayoutConstraintHairline.h */,
				814DD9BF1D65B632006C48CF /* NSLayoutConstraintHairline.m */,
			);
			path = Classes;
			sourceTree = "<group>";
		};
		81B73C221C8EA9240025A11A /* UIImage */ = {
			isa = PBXGroup;
			children = (
				81B73C241C8EA9B60025A11A /* UIImage+SPSuperCompress.h */,
				81B73C251C8EA9B60025A11A /* UIImage+SPSuperCompress.m */,
				81B73C271C8EAA2E0025A11A /* UIImage+SPBlur.h */,
				81B73C281C8EAA2E0025A11A /* UIImage+SPBlur.m */,
				81B73C2A1C8EAA9D0025A11A /* UIImage+SPCapture.h */,
				81B73C2B1C8EAA9D0025A11A /* UIImage+SPCapture.m */,
				81B73C2D1C8EAAEC0025A11A /* UIImage+SPColor.h */,
				81B73C2E1C8EAAEC0025A11A /* UIImage+SPColor.m */,
				81D963251D6708C90032D4F1 /* UIImage+SPExtension.h */,
				81D963261D6708C90032D4F1 /* UIImage+SPExtension.m */,
			);
			path = UIImage;
			sourceTree = "<group>";
		};
		81B73C231C8EA93F0025A11A /* UIDevice */ = {
			isa = PBXGroup;
			children = (
				812094D61C9178E400EEDA89 /* SPKeyChainManager.h */,
				812094D71C9178E400EEDA89 /* SPKeyChainManager.m */,
				812094D81C9178E400EEDA89 /* UIDevice+SPIdentifierAddition.h */,
				812094D91C9178E400EEDA89 /* UIDevice+SPIdentifierAddition.m */,
			);
			path = UIDevice;
			sourceTree = "<group>";
		};
		81B73C3F1C8ECF1A0025A11A /* MKMapView */ = {
			isa = PBXGroup;
			children = (
				812094641C915AB800EEDA89 /* UIWebView+SPFoundation.h */,
				812094651C915AB800EEDA89 /* UIWebView+SPFoundation.m */,
				81B73C481C8ECFDC0025A11A /* MKMapView+SPZoomLevel.h */,
				81B73C491C8ECFDC0025A11A /* MKMapView+SPZoomLevel.m */,
				81B73C451C8ECFCC0025A11A /* MKMapView+SPBetterMaps.h */,
				81B73C461C8ECFCC0025A11A /* MKMapView+SPBetterMaps.m */,
				81B73C4B1C8ED04B0025A11A /* MKMapView+SPMoveLogo.h */,
				81B73C4C1C8ED04B0025A11A /* MKMapView+SPMoveLogo.m */,
			);
			path = MKMapView;
			sourceTree = "<group>";
		};
		81F1EFFA1D68655F00FA5886 /* Model */ = {
			isa = PBXGroup;
			children = (
			);
			path = Model;
			sourceTree = "<group>";
		};
		9D72BCD51933D27566E0D851 /* Pods */ = {
			isa = PBXGroup;
			children = (
				AE6E95F29A41E9E3CDD6839A /* Pods.debug.xcconfig */,
				2350249F1DFB67311E5F2779 /* Pods.release.xcconfig */,
			);
			name = Pods;
			sourceTree = "<group>";
		};
/* End PBXGroup section */

/* Begin PBXNativeTarget section */
		819DBD9D1C86F169000063FF /* SPFoundationExample */ = {
			isa = PBXNativeTarget;
			buildConfigurationList = 819DBDB51C86F169000063FF /* Build configuration list for PBXNativeTarget "SPFoundationExample" */;
			buildPhases = (
				551099AE52E8DDF2D4354529 /* Check Pods Manifest.lock */,
				819DBD9A1C86F169000063FF /* Sources */,
				819DBD9B1C86F169000063FF /* Frameworks */,
				819DBD9C1C86F169000063FF /* Resources */,
				DAAA198537AE2E835329A7D4 /* Embed Pods Frameworks */,
				A177201F618AC73F4F8C55EF /* Copy Pods Resources */,
			);
			buildRules = (
			);
			dependencies = (
			);
			name = SPFoundationExample;
			productName = SPFoundationExample;
			productReference = 819DBD9E1C86F169000063FF /* SPFoundationExample.app */;
			productType = "com.apple.product-type.application";
		};
/* End PBXNativeTarget section */

/* Begin PBXProject section */
		819DBD961C86F169000063FF /* Project object */ = {
			isa = PBXProject;
			attributes = {
				LastUpgradeCheck = 0720;
				ORGANIZATIONNAME = "易云世纪科技";
				TargetAttributes = {
					819DBD9D1C86F169000063FF = {
						CreatedOnToolsVersion = 7.2.1;
					};
				};
			};
			buildConfigurationList = 819DBD991C86F169000063FF /* Build configuration list for PBXProject "SPFoundationExample" */;
			compatibilityVersion = "Xcode 3.2";
			developmentRegion = English;
			hasScannedForEncodings = 0;
			knownRegions = (
				en,
				Base,
			);
			mainGroup = 819DBD951C86F169000063FF;
			productRefGroup = 819DBD9F1C86F169000063FF /* Products */;
			projectDirPath = "";
			projectRoot = "";
			targets = (
				819DBD9D1C86F169000063FF /* SPFoundationExample */,
			);
		};
/* End PBXProject section */

/* Begin PBXResourcesBuildPhase section */
		819DBD9C1C86F169000063FF /* Resources */ = {
			isa = PBXResourcesBuildPhase;
			buildActionMask = 2147483647;
			files = (
				81026C351CA3D67C00AF151E /* Main.storyboard in Resources */,
				817B2BB21CA1156B00B8F0B0 /* Discovery.storyboard in Resources */,
				819DBDB11C86F169000063FF /* LaunchScreen.storyboard in Resources */,
				817B2BB81CA1158900B8F0B0 /* My.storyboard in Resources */,
				819DBDAE1C86F169000063FF /* Assets.xcassets in Resources */,
				817B2BB41CA1157600B8F0B0 /* Home.storyboard in Resources */,
				817B2BB61CA1157E00B8F0B0 /* Status.storyboard in Resources */,
				81026C3A1CA3DFD900AF151E /* Activity.storyboard in Resources */,
				81026C471CA3E84400AF151E /* Login.storyboard in Resources */,
			);
			runOnlyForDeploymentPostprocessing = 0;
		};
/* End PBXResourcesBuildPhase section */

/* Begin PBXShellScriptBuildPhase section */
		551099AE52E8DDF2D4354529 /* Check Pods Manifest.lock */ = {
			isa = PBXShellScriptBuildPhase;
			buildActionMask = 2147483647;
			files = (
			);
			inputPaths = (
			);
			name = "Check Pods Manifest.lock";
			outputPaths = (
			);
			runOnlyForDeploymentPostprocessing = 0;
			shellPath = /bin/sh;
			shellScript = "diff \"${PODS_ROOT}/../Podfile.lock\" \"${PODS_ROOT}/Manifest.lock\" > /dev/null\nif [[ $? != 0 ]] ; then\n    cat << EOM\nerror: The sandbox is not in sync with the Podfile.lock. Run 'pod install' or update your CocoaPods installation.\nEOM\n    exit 1\nfi\n";
			showEnvVarsInLog = 0;
		};
		A177201F618AC73F4F8C55EF /* Copy Pods Resources */ = {
			isa = PBXShellScriptBuildPhase;
			buildActionMask = 2147483647;
			files = (
			);
			inputPaths = (
			);
			name = "Copy Pods Resources";
			outputPaths = (
			);
			runOnlyForDeploymentPostprocessing = 0;
			shellPath = /bin/sh;
			shellScript = "\"${SRCROOT}/Pods/Target Support Files/Pods/Pods-resources.sh\"\n";
			showEnvVarsInLog = 0;
		};
		DAAA198537AE2E835329A7D4 /* Embed Pods Frameworks */ = {
			isa = PBXShellScriptBuildPhase;
			buildActionMask = 2147483647;
			files = (
			);
			inputPaths = (
			);
			name = "Embed Pods Frameworks";
			outputPaths = (
			);
			runOnlyForDeploymentPostprocessing = 0;
			shellPath = /bin/sh;
			shellScript = "\"${SRCROOT}/Pods/Target Support Files/Pods/Pods-frameworks.sh\"\n";
			showEnvVarsInLog = 0;
		};
/* End PBXShellScriptBuildPhase section */

/* Begin PBXSourcesBuildPhase section */
		819DBD9A1C86F169000063FF /* Sources */ = {
			isa = PBXSourcesBuildPhase;
			buildActionMask = 2147483647;
			files = (
				819DBDD71C8730F6000063FF /* SPNormalDismissAnimation.m in Sources */,
				8120943F1C915A9300EEDA89 /* SPPageView.m in Sources */,
				812094B51C91670C00EEDA89 /* NSObject+SPBlocks.m in Sources */,
				8120945A1C915AA200EEDA89 /* UIButton+SPCountDown.m in Sources */,
				81B73C2F1C8EAAEC0025A11A /* UIImage+SPColor.m in Sources */,
				819DBDD61C8730F6000063FF /* SPBouncePresentAnimation.m in Sources */,
				819DBDDA1C8730F6000063FF /* SPSwipeUpInteractiveTransition.m in Sources */,
				819DBDD91C8730F6000063FF /* SPCustomPresentationController.m in Sources */,
				810F21901CA1A08F003FB9C7 /* IBDesignableOnePixelConstant.m in Sources */,
				812094D51C91679A00EEDA89 /* SPTabBar.m in Sources */,
				81AFEEF71CA040A400DEB96C /* UILabel+MyFont.m in Sources */,
				812094C91C91671300EEDA89 /* NSString+SPValidate.m in Sources */,
				81AFEEF41CA03EE700DEB96C /* UIButton+MyFont.m in Sources */,
				812094291C915A7400EEDA89 /* UINavigationController+SPStackManager.m in Sources */,
				81026C381CA3DE8800AF151E /* ViewController2.m in Sources */,
				815145151D755FB000CD402A /* NSString+Utils.m in Sources */,
				819DBDD81C8730F6000063FF /* SPNormalPresentAnimation.m in Sources */,
				812BF9BF1C9551B300BDF395 /* SPLocationManager.m in Sources */,
				818E9D8B1D839F0A001D071D /* NSArray+Utils.m in Sources */,
				818E9D921D83A59C001D071D /* CALayer+SPFoundation.m in Sources */,
				812094A81C9166FF00EEDA89 /* NSFileHandle+SPReadLine.m in Sources */,
				817B2BC71CA1225A00B8F0B0 /* MainViewController.m in Sources */,
				812094571C915AA200EEDA89 /* SPBarButton.m in Sources */,
				81B73C471C8ECFCC0025A11A /* MKMapView+SPBetterMaps.m in Sources */,
				818E9D8E1D839F56001D071D /* NSString+Emoji.m in Sources */,
				812094D21C91671F00EEDA89 /* NSData+SPBase64.m in Sources */,
				81026C451CA3E70300AF151E /* SearchViewController.m in Sources */,
				812094211C915A6600EEDA89 /* UIControl+SPBlock.m in Sources */,
				812094301C915A7A00EEDA89 /* UINavigationItem+SPMargin.m in Sources */,
				812094CE1C91671900EEDA89 /* NSDate+SPExtension.m in Sources */,
				812094C71C91671300EEDA89 /* NSString+SPSize.m in Sources */,
				812094661C915AB800EEDA89 /* UIWebView+SPFoundation.m in Sources */,
				812094331C915A8500EEDA89 /* UITableViewCell+SPNIB.m in Sources */,
				8120941B1C915A5900EEDA89 /* SPPlaceholderColorTextField.m in Sources */,
				8172CE081D6C36EB009C0CA7 /* NSString+LocalizedString.m in Sources */,
				812094621C915AA800EEDA89 /* UITextView+SPDeleteBackWard.m in Sources */,
				814DD9C01D65B632006C48CF /* NSLayoutConstraintHairline.m in Sources */,
				8120941E1C915A5F00EEDA89 /* UIColor+SPHEX.m in Sources */,
				81026C421CA3E17700AF151E /* SXTabBar.m in Sources */,
				814DD9BA1D65B5E7006C48CF /* UIButton+Extension.m in Sources */,
				8116DF5F1C927549005EE1A2 /* UIViewController+SPBarButtonItem.m in Sources */,
				812094241C915A6C00EEDA89 /* UIFont+SPTTF.m in Sources */,
				812094AE1C91670600EEDA89 /* NSTimer+SPBlocks.m in Sources */,
				81238B1A1D02F1490090DD1B /* UILabel+SPFoundation.m in Sources */,
				812687381D69A1AF00353FFD /* NSMutableAttributedString+SPExtension.m in Sources */,
				812094C51C91671300EEDA89 /* NSString+SPFoundation.m in Sources */,
				81B73C2C1C8EAA9D0025A11A /* UIImage+SPCapture.m in Sources */,
				817B2BBE1CA1207400B8F0B0 /* HomeViewController.m in Sources */,
				812BF9991C95368700BDF395 /* YLDateTime.m in Sources */,
				812094631C915AA800EEDA89 /* UITextView+SPPlaceHolder.m in Sources */,
				8120945B1C915AA200EEDA89 /* UIButton+SPIndicatior.m in Sources */,
				812094591C915AA200EEDA89 /* UIButton+SPBackgroundColor.m in Sources */,
				812094581C915AA200EEDA89 /* SPTextVerticalButton.m in Sources */,
				81D963271D6708C90032D4F1 /* UIImage+SPExtension.m in Sources */,
				8120945C1C915AA200EEDA89 /* UIButton+SPSubmitting.m in Sources */,
				812094181C915A5300EEDA89 /* UIApplication+SPKeyboardFrame.m in Sources */,
				812094361C915A8C00EEDA89 /* UIWindow+SPHierarchy.m in Sources */,
				810F21871CA19BAB003FB9C7 /* IB_UITextField.m in Sources */,
				818E9D951D83A706001D071D /* UITextView+AttributedString.m in Sources */,
				8116DF681C927B40005EE1A2 /* SPSegmentViewController.m in Sources */,
				81026C3F1CA3E16D00AF151E /* SXBarButton.m in Sources */,
				812094471C915A9A00EEDA89 /* UIScrollView+SPAddition.m in Sources */,
				8151451F1D7560DD00CD402A /* UIView+Dynamic.m in Sources */,
				812094DB1C9178E400EEDA89 /* UIDevice+SPIdentifierAddition.m in Sources */,
				812094C81C91671300EEDA89 /* NSString+SPTrims.m in Sources */,
				812094401C915A9300EEDA89 /* UIView+SPConstraints.m in Sources */,
				8120945D1C915AA200EEDA89 /* UIButton+SPTouchAreaInsets.m in Sources */,
				812094481C915A9A00EEDA89 /* UIScrollView+SPHitTest.m in Sources */,
				819DBDA61C86F169000063FF /* AppDelegate.m in Sources */,
				810F218A1CA19C47003FB9C7 /* IBDesignableViewController.m in Sources */,
				817B2BC11CA1207E00B8F0B0 /* StatusViewController.m in Sources */,
				812094B71C91670C00EEDA89 /* NSObject+SPKVO.m in Sources */,
				817B2BBB1CA1206400B8F0B0 /* DiscoveryViewController.m in Sources */,
				81B73C4D1C8ED04B0025A11A /* MKMapView+SPMoveLogo.m in Sources */,
				812094411C915A9300EEDA89 /* UIView+SPFoundation.m in Sources */,
				8116DF651C9279BD005EE1A2 /* SPSegmentControll.m in Sources */,
				810F21821CA14986003FB9C7 /* SPHelper.m in Sources */,
				81B73C261C8EA9B60025A11A /* UIImage+SPSuperCompress.m in Sources */,
				8120942F1C915A7A00EEDA89 /* UINavigationItem+SPLoading.m in Sources */,
				812094C61C91671300EEDA89 /* NSString+SPPinyin.m in Sources */,
				81B73C291C8EAA2E0025A11A /* UIImage+SPBlur.m in Sources */,
				812094421C915A9300EEDA89 /* UIView+SPNIB.m in Sources */,
				81B73C4A1C8ECFDC0025A11A /* MKMapView+SPZoomLevel.m in Sources */,
				812094B61C91670C00EEDA89 /* NSObject+SPGCD.m in Sources */,
				812094AD1C91670600EEDA89 /* NSTimer+SPAddition.m in Sources */,
				817B2BC41CA1208600B8F0B0 /* MyViewController.m in Sources */,
				819DBDA31C86F169000063FF /* main.m in Sources */,
				812094C41C91671300EEDA89 /* NSString+SPBase64.m in Sources */,
				812094DA1C9178E400EEDA89 /* SPKeyChainManager.m in Sources */,
				812094CF1C91671900EEDA89 /* NSDateFormatter+SPMake.m in Sources */,
				814DD9BD1D65B5F9006C48CF /* UILabel+Extension.m in Sources */,
				81A1C2411D2FF36400DC9C77 /* WelcomeView.m in Sources */,
				819DBDD51C8730F6000063FF /* SPBounceDismissAnimation.m in Sources */,
			);
			runOnlyForDeploymentPostprocessing = 0;
		};
/* End PBXSourcesBuildPhase section */

/* Begin PBXVariantGroup section */
		819DBDAF1C86F169000063FF /* LaunchScreen.storyboard */ = {
			isa = PBXVariantGroup;
			children = (
				819DBDB01C86F169000063FF /* Base */,
			);
			name = LaunchScreen.storyboard;
			sourceTree = "<group>";
		};
/* End PBXVariantGroup section */

/* Begin XCBuildConfiguration section */
		819DBDB31C86F169000063FF /* Debug */ = {
			isa = XCBuildConfiguration;
			buildSettings = {
				ALWAYS_SEARCH_USER_PATHS = NO;
				CLANG_CXX_LANGUAGE_STANDARD = "gnu++0x";
				CLANG_CXX_LIBRARY = "libc++";
				CLANG_ENABLE_MODULES = YES;
				CLANG_ENABLE_OBJC_ARC = YES;
				CLANG_WARN_BOOL_CONVERSION = YES;
				CLANG_WARN_CONSTANT_CONVERSION = YES;
				CLANG_WARN_DIRECT_OBJC_ISA_USAGE = YES_ERROR;
				CLANG_WARN_EMPTY_BODY = YES;
				CLANG_WARN_ENUM_CONVERSION = YES;
				CLANG_WARN_INT_CONVERSION = YES;
				CLANG_WARN_OBJC_ROOT_CLASS = YES_ERROR;
				CLANG_WARN_UNREACHABLE_CODE = YES;
				CLANG_WARN__DUPLICATE_METHOD_MATCH = YES;
				"CODE_SIGN_IDENTITY[sdk=iphoneos*]" = "iPhone Developer";
				COPY_PHASE_STRIP = NO;
				DEBUG_INFORMATION_FORMAT = dwarf;
				ENABLE_STRICT_OBJC_MSGSEND = YES;
				ENABLE_TESTABILITY = YES;
				GCC_C_LANGUAGE_STANDARD = gnu99;
				GCC_DYNAMIC_NO_PIC = NO;
				GCC_NO_COMMON_BLOCKS = YES;
				GCC_OPTIMIZATION_LEVEL = 0;
				GCC_PREPROCESSOR_DEFINITIONS = (
					"DEBUG=1",
					"$(inherited)",
				);
				GCC_WARN_64_TO_32_BIT_CONVERSION = YES;
				GCC_WARN_ABOUT_RETURN_TYPE = YES_ERROR;
				GCC_WARN_UNDECLARED_SELECTOR = YES;
				GCC_WARN_UNINITIALIZED_AUTOS = YES_AGGRESSIVE;
				GCC_WARN_UNUSED_FUNCTION = YES;
				GCC_WARN_UNUSED_VARIABLE = YES;
				IPHONEOS_DEPLOYMENT_TARGET = 9.2;
				MTL_ENABLE_DEBUG_INFO = YES;
				ONLY_ACTIVE_ARCH = YES;
				SDKROOT = iphoneos;
			};
			name = Debug;
		};
		819DBDB41C86F169000063FF /* Release */ = {
			isa = XCBuildConfiguration;
			buildSettings = {
				ALWAYS_SEARCH_USER_PATHS = NO;
				CLANG_CXX_LANGUAGE_STANDARD = "gnu++0x";
				CLANG_CXX_LIBRARY = "libc++";
				CLANG_ENABLE_MODULES = YES;
				CLANG_ENABLE_OBJC_ARC = YES;
				CLANG_WARN_BOOL_CONVERSION = YES;
				CLANG_WARN_CONSTANT_CONVERSION = YES;
				CLANG_WARN_DIRECT_OBJC_ISA_USAGE = YES_ERROR;
				CLANG_WARN_EMPTY_BODY = YES;
				CLANG_WARN_ENUM_CONVERSION = YES;
				CLANG_WARN_INT_CONVERSION = YES;
				CLANG_WARN_OBJC_ROOT_CLASS = YES_ERROR;
				CLANG_WARN_UNREACHABLE_CODE = YES;
				CLANG_WARN__DUPLICATE_METHOD_MATCH = YES;
				"CODE_SIGN_IDENTITY[sdk=iphoneos*]" = "iPhone Developer";
				COPY_PHASE_STRIP = NO;
				DEBUG_INFORMATION_FORMAT = "dwarf-with-dsym";
				ENABLE_NS_ASSERTIONS = NO;
				ENABLE_STRICT_OBJC_MSGSEND = YES;
				GCC_C_LANGUAGE_STANDARD = gnu99;
				GCC_NO_COMMON_BLOCKS = YES;
				GCC_WARN_64_TO_32_BIT_CONVERSION = YES;
				GCC_WARN_ABOUT_RETURN_TYPE = YES_ERROR;
				GCC_WARN_UNDECLARED_SELECTOR = YES;
				GCC_WARN_UNINITIALIZED_AUTOS = YES_AGGRESSIVE;
				GCC_WARN_UNUSED_FUNCTION = YES;
				GCC_WARN_UNUSED_VARIABLE = YES;
				IPHONEOS_DEPLOYMENT_TARGET = 9.2;
				MTL_ENABLE_DEBUG_INFO = NO;
				SDKROOT = iphoneos;
				VALIDATE_PRODUCT = YES;
			};
			name = Release;
		};
		819DBDB61C86F169000063FF /* Debug */ = {
			isa = XCBuildConfiguration;
			baseConfigurationReference = AE6E95F29A41E9E3CDD6839A /* Pods.debug.xcconfig */;
			buildSettings = {
				ASSETCATALOG_COMPILER_APPICON_NAME = AppIcon;
				INFOPLIST_FILE = SPFoundationExample/Info.plist;
				IPHONEOS_DEPLOYMENT_TARGET = 9.2;
				LD_RUNPATH_SEARCH_PATHS = "$(inherited) @executable_path/Frameworks";
				PRODUCT_BUNDLE_IDENTIFIER = com.sportscool.SPFoundationExample;
				PRODUCT_NAME = "$(TARGET_NAME)";
			};
			name = Debug;
		};
		819DBDB71C86F169000063FF /* Release */ = {
			isa = XCBuildConfiguration;
			baseConfigurationReference = 2350249F1DFB67311E5F2779 /* Pods.release.xcconfig */;
			buildSettings = {
				ASSETCATALOG_COMPILER_APPICON_NAME = AppIcon;
				INFOPLIST_FILE = SPFoundationExample/Info.plist;
				IPHONEOS_DEPLOYMENT_TARGET = 9.2;
				LD_RUNPATH_SEARCH_PATHS = "$(inherited) @executable_path/Frameworks";
				PRODUCT_BUNDLE_IDENTIFIER = com.sportscool.SPFoundationExample;
				PRODUCT_NAME = "$(TARGET_NAME)";
			};
			name = Release;
		};
/* End XCBuildConfiguration section */

/* Begin XCConfigurationList section */
		819DBD991C86F169000063FF /* Build configuration list for PBXProject "SPFoundationExample" */ = {
			isa = XCConfigurationList;
			buildConfigurations = (
				819DBDB31C86F169000063FF /* Debug */,
				819DBDB41C86F169000063FF /* Release */,
			);
			defaultConfigurationIsVisible = 0;
			defaultConfigurationName = Release;
		};
		819DBDB51C86F169000063FF /* Build configuration list for PBXNativeTarget "SPFoundationExample" */ = {
			isa = XCConfigurationList;
			buildConfigurations = (
				819DBDB61C86F169000063FF /* Debug */,
				819DBDB71C86F169000063FF /* Release */,
			);
			defaultConfigurationIsVisible = 0;
			defaultConfigurationName = Release;
		};
/* End XCConfigurationList section */
	};
	rootObject = 819DBD961C86F169000063FF /* Project object */;
}
